// !$*UTF8*$!
{
	archiveVersion = 1;
	classes = {
	};
	objectVersion = 46;
	objects = {

/* Begin PBXBuildFile section */
		901B63C5190A7619006482CB /* libEaseMobClientSDKLite.a in Frameworks */ = {isa = PBXBuildFile; fileRef = 901B63C1190A7619006482CB /* libEaseMobClientSDKLite.a */; };
		901B63C6190A7619006482CB /* EaseMob.bundle in Resources */ = {isa = PBXBuildFile; fileRef = 901B63C4190A7619006482CB /* EaseMob.bundle */; };
		901B63C9190A780B006482CB /* NSDateFormatter+Category.m in Sources */ = {isa = PBXBuildFile; fileRef = 901B63C8190A780B006482CB /* NSDateFormatter+Category.m */; };
		901B63D3190A7D13006482CB /* MBProgressHUD+Add.m in Sources */ = {isa = PBXBuildFile; fileRef = 901B63CD190A7D13006482CB /* MBProgressHUD+Add.m */; };
		901B63D4190A7D13006482CB /* MBProgressHUD.m in Sources */ = {isa = PBXBuildFile; fileRef = 901B63CF190A7D13006482CB /* MBProgressHUD.m */; };
		901B63D5190A7D13006482CB /* WCAlertView.m in Sources */ = {isa = PBXBuildFile; fileRef = 901B63D2190A7D13006482CB /* WCAlertView.m */; };
		9048CEDC190373BF003A775C /* ContactManager.m in Sources */ = {isa = PBXBuildFile; fileRef = 9048CEDB190373BF003A775C /* ContactManager.m */; };
		9048CEE6190377D5003A775C /* UIViewController+HUD.m in Sources */ = {isa = PBXBuildFile; fileRef = 9048CEE5190377D5003A775C /* UIViewController+HUD.m */; };
		9048CEF319037BBD003A775C /* ToolViewEmotion@2x.png in Resources */ = {isa = PBXBuildFile; fileRef = 9048CEE919037BBD003A775C /* ToolViewEmotion@2x.png */; };
		9048CEF419037BBD003A775C /* ToolViewEmotionHL@2x.png in Resources */ = {isa = PBXBuildFile; fileRef = 9048CEEA19037BBD003A775C /* ToolViewEmotionHL@2x.png */; };
		9048CEF519037BBD003A775C /* ToolViewInputText@2x.png in Resources */ = {isa = PBXBuildFile; fileRef = 9048CEEB19037BBD003A775C /* ToolViewInputText@2x.png */; };
		9048CEF619037BBD003A775C /* ToolViewInputTextHL@2x.png in Resources */ = {isa = PBXBuildFile; fileRef = 9048CEEC19037BBD003A775C /* ToolViewInputTextHL@2x.png */; };
		9048CEF719037BBD003A775C /* ToolViewInputVoice@2x.png in Resources */ = {isa = PBXBuildFile; fileRef = 9048CEED19037BBD003A775C /* ToolViewInputVoice@2x.png */; };
		9048CEF819037BBD003A775C /* ToolViewInputVoiceHL@2x.png in Resources */ = {isa = PBXBuildFile; fileRef = 9048CEEE19037BBD003A775C /* ToolViewInputVoiceHL@2x.png */; };
		9048CEF919037BBD003A775C /* ToolViewKeyboard@2x.png in Resources */ = {isa = PBXBuildFile; fileRef = 9048CEEF19037BBD003A775C /* ToolViewKeyboard@2x.png */; };
		9048CEFA19037BBD003A775C /* ToolViewKeyboardHL@2x.png in Resources */ = {isa = PBXBuildFile; fileRef = 9048CEF019037BBD003A775C /* ToolViewKeyboardHL@2x.png */; };
		9048CEFB19037BBD003A775C /* TypeSelectorBtn_Black@2x.png in Resources */ = {isa = PBXBuildFile; fileRef = 9048CEF119037BBD003A775C /* TypeSelectorBtn_Black@2x.png */; };
		9048CEFC19037BBD003A775C /* TypeSelectorBtnHL_Black@2x.png in Resources */ = {isa = PBXBuildFile; fileRef = 9048CEF219037BBD003A775C /* TypeSelectorBtnHL_Black@2x.png */; };
		9048CEFE19038206003A775C /* account_defaultHead.png in Resources */ = {isa = PBXBuildFile; fileRef = 9048CEFD19038206003A775C /* account_defaultHead.png */; };
		90CDBF93190112F200206567 /* Foundation.framework in Frameworks */ = {isa = PBXBuildFile; fileRef = 90CDBF92190112F200206567 /* Foundation.framework */; };
		90CDBF95190112F200206567 /* CoreGraphics.framework in Frameworks */ = {isa = PBXBuildFile; fileRef = 90CDBF94190112F200206567 /* CoreGraphics.framework */; };
		90CDBF97190112F200206567 /* UIKit.framework in Frameworks */ = {isa = PBXBuildFile; fileRef = 90CDBF96190112F200206567 /* UIKit.framework */; };
		90CDBF9D190112F200206567 /* InfoPlist.strings in Resources */ = {isa = PBXBuildFile; fileRef = 90CDBF9B190112F200206567 /* InfoPlist.strings */; };
		90CDBF9F190112F200206567 /* main.m in Sources */ = {isa = PBXBuildFile; fileRef = 90CDBF9E190112F200206567 /* main.m */; };
		90CDBFA3190112F200206567 /* AppDelegate.m in Sources */ = {isa = PBXBuildFile; fileRef = 90CDBFA2190112F200206567 /* AppDelegate.m */; };
		90CDBFA5190112F200206567 /* Images.xcassets in Resources */ = {isa = PBXBuildFile; fileRef = 90CDBFA4190112F200206567 /* Images.xcassets */; };
		90CDBFAC190112F200206567 /* XCTest.framework in Frameworks */ = {isa = PBXBuildFile; fileRef = 90CDBFAB190112F200206567 /* XCTest.framework */; };
		90CDBFAD190112F200206567 /* Foundation.framework in Frameworks */ = {isa = PBXBuildFile; fileRef = 90CDBF92190112F200206567 /* Foundation.framework */; };
		90CDBFAE190112F200206567 /* UIKit.framework in Frameworks */ = {isa = PBXBuildFile; fileRef = 90CDBF96190112F200206567 /* UIKit.framework */; };
		90CDBFB6190112F200206567 /* InfoPlist.strings in Resources */ = {isa = PBXBuildFile; fileRef = 90CDBFB4190112F200206567 /* InfoPlist.strings */; };
		90CDBFB8190112F200206567 /* ChatDemo_UITests.m in Sources */ = {isa = PBXBuildFile; fileRef = 90CDBFB7190112F200206567 /* ChatDemo_UITests.m */; };
		90CDC0FB1901141000206567 /* libxml2.dylib in Frameworks */ = {isa = PBXBuildFile; fileRef = 90CDC0FA1901141000206567 /* libxml2.dylib */; };
		90CDC0FD1901141900206567 /* libz.dylib in Frameworks */ = {isa = PBXBuildFile; fileRef = 90CDC0FC1901141900206567 /* libz.dylib */; };
		90CDC0FF1901142000206567 /* CFNetwork.framework in Frameworks */ = {isa = PBXBuildFile; fileRef = 90CDC0FE1901142000206567 /* CFNetwork.framework */; };
		90CDC1011901142E00206567 /* AddressBook.framework in Frameworks */ = {isa = PBXBuildFile; fileRef = 90CDC1001901142E00206567 /* AddressBook.framework */; };
		90CDC1031901143700206567 /* libiconv.dylib in Frameworks */ = {isa = PBXBuildFile; fileRef = 90CDC1021901143700206567 /* libiconv.dylib */; };
		90CDC1051901143D00206567 /* libstdc++.dylib in Frameworks */ = {isa = PBXBuildFile; fileRef = 90CDC1041901143D00206567 /* libstdc++.dylib */; };
		90CDC1071901144300206567 /* libresolv.dylib in Frameworks */ = {isa = PBXBuildFile; fileRef = 90CDC1061901144300206567 /* libresolv.dylib */; };
		90CDC1091901144900206567 /* MobileCoreServices.framework in Frameworks */ = {isa = PBXBuildFile; fileRef = 90CDC1081901144900206567 /* MobileCoreServices.framework */; };
		90CDC1101901166800206567 /* Contact.m in Sources */ = {isa = PBXBuildFile; fileRef = 90CDC10D1901166800206567 /* Contact.m */; };
		90CDC1761901169B00206567 /* sr_refresh.png in Resources */ = {isa = PBXBuildFile; fileRef = 90CDC1151901169B00206567 /* sr_refresh.png */; };
		90CDC1771901169B00206567 /* sr_refresh@2X.png in Resources */ = {isa = PBXBuildFile; fileRef = 90CDC1161901169B00206567 /* sr_refresh@2X.png */; };
		90CDC1781901169B00206567 /* SRRefreshView.m in Sources */ = {isa = PBXBuildFile; fileRef = 90CDC1191901169B00206567 /* SRRefreshView.m */; };
		90CDC1791901169B00206567 /* SRSlimeView.m in Sources */ = {isa = PBXBuildFile; fileRef = 90CDC11B1901169B00206567 /* SRSlimeView.m */; };
		90CDC17A1901169B00206567 /* XDChatListCell.m in Sources */ = {isa = PBXBuildFile; fileRef = 90CDC11D1901169B00206567 /* XDChatListCell.m */; };
		90CDC17B1901169B00206567 /* ChatListViewController.m in Sources */ = {isa = PBXBuildFile; fileRef = 90CDC11F1901169B00206567 /* ChatListViewController.m */; };
		90CDC17C1901169B00206567 /* BaseCell.m in Sources */ = {isa = PBXBuildFile; fileRef = 90CDC1231901169B00206567 /* BaseCell.m */; };
		90CDC17E1901169B00206567 /* ChatBaseBubbleView.m in Sources */ = {isa = PBXBuildFile; fileRef = 90CDC1281901169B00206567 /* ChatBaseBubbleView.m */; };
		90CDC1811901169B00206567 /* ChatTextBubbleView.m in Sources */ = {isa = PBXBuildFile; fileRef = 90CDC12E1901169B00206567 /* ChatTextBubbleView.m */; };
		90CDC1821901169B00206567 /* ChatCellManager.m in Sources */ = {isa = PBXBuildFile; fileRef = 90CDC1301901169B00206567 /* ChatCellManager.m */; };
		90CDC1841901169B00206567 /* ChatLeftCell.m in Sources */ = {isa = PBXBuildFile; fileRef = 90CDC1341901169B00206567 /* ChatLeftCell.m */; };
		90CDC1871901169B00206567 /* ChatLeftTextCell.m in Sources */ = {isa = PBXBuildFile; fileRef = 90CDC13A1901169B00206567 /* ChatLeftTextCell.m */; };
		90CDC1891901169B00206567 /* ChatRightCell.m in Sources */ = {isa = PBXBuildFile; fileRef = 90CDC13E1901169B00206567 /* ChatRightCell.m */; };
		90CDC18C1901169B00206567 /* ChatRightTextCell.m in Sources */ = {isa = PBXBuildFile; fileRef = 90CDC1441901169B00206567 /* ChatRightTextCell.m */; };
		90CDC18D1901169B00206567 /* chat_receiver_bg.png in Resources */ = {isa = PBXBuildFile; fileRef = 90CDC1461901169B00206567 /* chat_receiver_bg.png */; };
		90CDC18E1901169B00206567 /* chat_receiver_bg@2x.png in Resources */ = {isa = PBXBuildFile; fileRef = 90CDC1471901169B00206567 /* chat_receiver_bg@2x.png */; };
		90CDC18F1901169B00206567 /* chat_sender_bg.png in Resources */ = {isa = PBXBuildFile; fileRef = 90CDC1481901169B00206567 /* chat_sender_bg.png */; };
		90CDC1901901169B00206567 /* chat_sender_bg@2x.png in Resources */ = {isa = PBXBuildFile; fileRef = 90CDC1491901169B00206567 /* chat_sender_bg@2x.png */; };
		90CDC1911901169B00206567 /* XDChatTimeCell.m in Sources */ = {isa = PBXBuildFile; fileRef = 90CDC14B1901169B00206567 /* XDChatTimeCell.m */; };
		90CDC1931901169B00206567 /* ChatCellModel.m in Sources */ = {isa = PBXBuildFile; fileRef = 90CDC1501901169B00206567 /* ChatCellModel.m */; };
		90CDC1941901169B00206567 /* ChatCellModelManager.m in Sources */ = {isa = PBXBuildFile; fileRef = 90CDC1521901169B00206567 /* ChatCellModelManager.m */; };
		90CDC1971901169B00206567 /* ChatTextModel.m in Sources */ = {isa = PBXBuildFile; fileRef = 90CDC1581901169B00206567 /* ChatTextModel.m */; };
		90CDC1981901169B00206567 /* ChatSendHelper.m in Sources */ = {isa = PBXBuildFile; fileRef = 90CDC15A1901169B00206567 /* ChatSendHelper.m */; };
		90CDC1991901169B00206567 /* ChatToolBar.m in Sources */ = {isa = PBXBuildFile; fileRef = 90CDC15D1901169B00206567 /* ChatToolBar.m */; };
		90CDC19A1901169B00206567 /* ChatToolBar.xib in Resources */ = {isa = PBXBuildFile; fileRef = 90CDC15E1901169B00206567 /* ChatToolBar.xib */; };
		90CDC19B1901169B00206567 /* FacialView.m in Sources */ = {isa = PBXBuildFile; fileRef = 90CDC1601901169B00206567 /* FacialView.m */; };
		90CDC19C1901169B00206567 /* HPGrowingTextView.m in Sources */ = {isa = PBXBuildFile; fileRef = 90CDC1621901169B00206567 /* HPGrowingTextView.m */; };
		90CDC19D1901169B00206567 /* HPTextViewInternal.m in Sources */ = {isa = PBXBuildFile; fileRef = 90CDC1641901169B00206567 /* HPTextViewInternal.m */; };
		90CDC19E1901169B00206567 /* FaceView.m in Sources */ = {isa = PBXBuildFile; fileRef = 90CDC1661901169B00206567 /* FaceView.m */; };
		90CDC1A31901169B00206567 /* ChatViewController.m in Sources */ = {isa = PBXBuildFile; fileRef = 90CDC1711901169B00206567 /* ChatViewController.m */; };
		90CDC3BC19011E1B00206567 /* ContactsViewController.m in Sources */ = {isa = PBXBuildFile; fileRef = 90CDC3BB19011E1B00206567 /* ContactsViewController.m */; };
		90CDC3C0190124A400206567 /* NSDate+Category.m in Sources */ = {isa = PBXBuildFile; fileRef = 90CDC3BF190124A400206567 /* NSDate+Category.m */; };
		90CDC3C31901259200206567 /* XDMenuItem.m in Sources */ = {isa = PBXBuildFile; fileRef = 90CDC3C21901259200206567 /* XDMenuItem.m */; };
		90CDC3C71901275F00206567 /* ChatViewController.xib in Resources */ = {isa = PBXBuildFile; fileRef = 90CDC3C61901275F00206567 /* ChatViewController.xib */; };
		90CDC3CA1901290D00206567 /* MainViewController.m in Sources */ = {isa = PBXBuildFile; fileRef = 90CDC3C91901290D00206567 /* MainViewController.m */; };
/* End PBXBuildFile section */

/* Begin PBXContainerItemProxy section */
		90CDBFAF190112F200206567 /* PBXContainerItemProxy */ = {
			isa = PBXContainerItemProxy;
			containerPortal = 90CDBF87190112F200206567 /* Project object */;
			proxyType = 1;
			remoteGlobalIDString = 90CDBF8E190112F200206567;
			remoteInfo = "ChatDemo-UI";
		};
/* End PBXContainerItemProxy section */

/* Begin PBXFileReference section */
		901B634D190A7619006482CB /* Emoji.h */ = {isa = PBXFileReference; fileEncoding = 4; lastKnownFileType = sourcecode.c.h; path = Emoji.h; sourceTree = "<group>"; };
		901B6350190A7619006482CB /* IChatManagerDelegate.h */ = {isa = PBXFileReference; fileEncoding = 4; lastKnownFileType = sourcecode.c.h; path = IChatManagerDelegate.h; sourceTree = "<group>"; };
		901B6352190A7619006482CB /* EMChatManagerChatDelegate.h */ = {isa = PBXFileReference; fileEncoding = 4; lastKnownFileType = sourcecode.c.h; path = EMChatManagerChatDelegate.h; sourceTree = "<group>"; };
		901B6353190A7619006482CB /* EMChatManagerDelegate.h */ = {isa = PBXFileReference; fileEncoding = 4; lastKnownFileType = sourcecode.c.h; path = EMChatManagerDelegate.h; sourceTree = "<group>"; };
		901B6354190A7619006482CB /* EMChatManagerDelegateBase.h */ = {isa = PBXFileReference; fileEncoding = 4; lastKnownFileType = sourcecode.c.h; path = EMChatManagerDelegateBase.h; sourceTree = "<group>"; };
		901B6355190A7619006482CB /* EMChatManagerEncryptionDelegate.h */ = {isa = PBXFileReference; fileEncoding = 4; lastKnownFileType = sourcecode.c.h; path = EMChatManagerEncryptionDelegate.h; sourceTree = "<group>"; };
		901B6356190A7619006482CB /* EMChatManagerLoginDelegate.h */ = {isa = PBXFileReference; fileEncoding = 4; lastKnownFileType = sourcecode.c.h; path = EMChatManagerLoginDelegate.h; sourceTree = "<group>"; };
		901B6357190A7619006482CB /* EMChatManagerMediaDelegate.h */ = {isa = PBXFileReference; fileEncoding = 4; lastKnownFileType = sourcecode.c.h; path = EMChatManagerMediaDelegate.h; sourceTree = "<group>"; };
		901B6358190A7619006482CB /* IChatManager.h */ = {isa = PBXFileReference; fileEncoding = 4; lastKnownFileType = sourcecode.c.h; path = IChatManager.h; sourceTree = "<group>"; };
		901B635A190A7619006482CB /* IChatManagerBase.h */ = {isa = PBXFileReference; fileEncoding = 4; lastKnownFileType = sourcecode.c.h; path = IChatManagerBase.h; sourceTree = "<group>"; };
		901B635B190A7619006482CB /* IChatManagerChat.h */ = {isa = PBXFileReference; fileEncoding = 4; lastKnownFileType = sourcecode.c.h; path = IChatManagerChat.h; sourceTree = "<group>"; };
		901B635C190A7619006482CB /* IChatManagerConversation.h */ = {isa = PBXFileReference; fileEncoding = 4; lastKnownFileType = sourcecode.c.h; path = IChatManagerConversation.h; sourceTree = "<group>"; };
		901B635D190A7619006482CB /* IChatManagerEncryption.h */ = {isa = PBXFileReference; fileEncoding = 4; lastKnownFileType = sourcecode.c.h; path = IChatManagerEncryption.h; sourceTree = "<group>"; };
		901B635E190A7619006482CB /* IChatManagerLogin.h */ = {isa = PBXFileReference; fileEncoding = 4; lastKnownFileType = sourcecode.c.h; path = IChatManagerLogin.h; sourceTree = "<group>"; };
		901B635F190A7619006482CB /* IChatManagerMedia.h */ = {isa = PBXFileReference; fileEncoding = 4; lastKnownFileType = sourcecode.c.h; path = IChatManagerMedia.h; sourceTree = "<group>"; };
		901B6360190A7619006482CB /* IChatManagerUtil.h */ = {isa = PBXFileReference; fileEncoding = 4; lastKnownFileType = sourcecode.c.h; path = IChatManagerUtil.h; sourceTree = "<group>"; };
		901B6362190A7619006482CB /* ChatroomCommandProcessor.h */ = {isa = PBXFileReference; fileEncoding = 4; lastKnownFileType = sourcecode.c.h; path = ChatroomCommandProcessor.h; sourceTree = "<group>"; };
		901B6363190A7619006482CB /* EMChatCommand.h */ = {isa = PBXFileReference; fileEncoding = 4; lastKnownFileType = sourcecode.c.h; path = EMChatCommand.h; sourceTree = "<group>"; };
		901B6364190A7619006482CB /* EMChatFile.h */ = {isa = PBXFileReference; fileEncoding = 4; lastKnownFileType = sourcecode.c.h; path = EMChatFile.h; sourceTree = "<group>"; };
		901B6365190A7619006482CB /* EMChatImage.h */ = {isa = PBXFileReference; fileEncoding = 4; lastKnownFileType = sourcecode.c.h; path = EMChatImage.h; sourceTree = "<group>"; };
		901B6366190A7619006482CB /* EMChatLocation.h */ = {isa = PBXFileReference; fileEncoding = 4; lastKnownFileType = sourcecode.c.h; path = EMChatLocation.h; sourceTree = "<group>"; };
		901B6367190A7619006482CB /* EMChatObject.h */ = {isa = PBXFileReference; fileEncoding = 4; lastKnownFileType = sourcecode.c.h; path = EMChatObject.h; sourceTree = "<group>"; };
		901B6368190A7619006482CB /* EMChatServiceDefs.h */ = {isa = PBXFileReference; fileEncoding = 4; lastKnownFileType = sourcecode.c.h; path = EMChatServiceDefs.h; sourceTree = "<group>"; };
		901B6369190A7619006482CB /* EMChatText.h */ = {isa = PBXFileReference; fileEncoding = 4; lastKnownFileType = sourcecode.c.h; path = EMChatText.h; sourceTree = "<group>"; };
		901B636A190A7619006482CB /* EMChatVideo.h */ = {isa = PBXFileReference; fileEncoding = 4; lastKnownFileType = sourcecode.c.h; path = EMChatVideo.h; sourceTree = "<group>"; };
		901B636B190A7619006482CB /* EMChatVoice.h */ = {isa = PBXFileReference; fileEncoding = 4; lastKnownFileType = sourcecode.c.h; path = EMChatVoice.h; sourceTree = "<group>"; };
		901B636C190A7619006482CB /* EMCommandMessageBody.h */ = {isa = PBXFileReference; fileEncoding = 4; lastKnownFileType = sourcecode.c.h; path = EMCommandMessageBody.h; sourceTree = "<group>"; };
		901B636D190A7619006482CB /* EMConversation.h */ = {isa = PBXFileReference; fileEncoding = 4; lastKnownFileType = sourcecode.c.h; path = EMConversation.h; sourceTree = "<group>"; };
		901B636E190A7619006482CB /* EMFileMessageBody.h */ = {isa = PBXFileReference; fileEncoding = 4; lastKnownFileType = sourcecode.c.h; path = EMFileMessageBody.h; sourceTree = "<group>"; };
		901B636F190A7619006482CB /* EMImageMessageBody.h */ = {isa = PBXFileReference; fileEncoding = 4; lastKnownFileType = sourcecode.c.h; path = EMImageMessageBody.h; sourceTree = "<group>"; };
		901B6370190A7619006482CB /* EMLocationMessageBody.h */ = {isa = PBXFileReference; fileEncoding = 4; lastKnownFileType = sourcecode.c.h; path = EMLocationMessageBody.h; sourceTree = "<group>"; };
		901B6371190A7619006482CB /* EMMessage.h */ = {isa = PBXFileReference; fileEncoding = 4; lastKnownFileType = sourcecode.c.h; path = EMMessage.h; sourceTree = "<group>"; };
		901B6372190A7619006482CB /* EMMessageBody.h */ = {isa = PBXFileReference; fileEncoding = 4; lastKnownFileType = sourcecode.c.h; path = EMMessageBody.h; sourceTree = "<group>"; };
		901B6373190A7619006482CB /* EMReceipt.h */ = {isa = PBXFileReference; fileEncoding = 4; lastKnownFileType = sourcecode.c.h; path = EMReceipt.h; sourceTree = "<group>"; };
		901B6374190A7619006482CB /* EMTextMessageBody.h */ = {isa = PBXFileReference; fileEncoding = 4; lastKnownFileType = sourcecode.c.h; path = EMTextMessageBody.h; sourceTree = "<group>"; };
		901B6375190A7619006482CB /* EMVideoMessageBody.h */ = {isa = PBXFileReference; fileEncoding = 4; lastKnownFileType = sourcecode.c.h; path = EMVideoMessageBody.h; sourceTree = "<group>"; };
		901B6376190A7619006482CB /* EMVoiceMessageBody.h */ = {isa = PBXFileReference; fileEncoding = 4; lastKnownFileType = sourcecode.c.h; path = EMVoiceMessageBody.h; sourceTree = "<group>"; };
		901B6377190A7619006482CB /* IEMChatCryptor.h */ = {isa = PBXFileReference; fileEncoding = 4; lastKnownFileType = sourcecode.c.h; path = IEMChatCryptor.h; sourceTree = "<group>"; };
		901B6378190A7619006482CB /* IEMChatProgressDelegate.h */ = {isa = PBXFileReference; fileEncoding = 4; lastKnownFileType = sourcecode.c.h; path = IEMChatProgressDelegate.h; sourceTree = "<group>"; };
		901B6379190A7619006482CB /* IEMCommandProcessor.h */ = {isa = PBXFileReference; fileEncoding = 4; lastKnownFileType = sourcecode.c.h; path = IEMCommandProcessor.h; sourceTree = "<group>"; };
		901B637A190A7619006482CB /* LBSCommandProcessor.h */ = {isa = PBXFileReference; fileEncoding = 4; lastKnownFileType = sourcecode.c.h; path = LBSCommandProcessor.h; sourceTree = "<group>"; };
		901B637E190A7619006482CB /* EMPushManagerDelegate.h */ = {isa = PBXFileReference; fileEncoding = 4; lastKnownFileType = sourcecode.c.h; path = EMPushManagerDelegate.h; sourceTree = "<group>"; };
		901B637F190A7619006482CB /* EMPushManagerDelegateBase.h */ = {isa = PBXFileReference; fileEncoding = 4; lastKnownFileType = sourcecode.c.h; path = EMPushManagerDelegateBase.h; sourceTree = "<group>"; };
		901B6380190A7619006482CB /* EMPushManagerDelegateChat.h */ = {isa = PBXFileReference; fileEncoding = 4; lastKnownFileType = sourcecode.c.h; path = EMPushManagerDelegateChat.h; sourceTree = "<group>"; };
		901B6381190A7619006482CB /* IPushManagerDelegate.h */ = {isa = PBXFileReference; fileEncoding = 4; lastKnownFileType = sourcecode.c.h; path = IPushManagerDelegate.h; sourceTree = "<group>"; };
		901B6383190A7619006482CB /* EMPushManager+Chat.h */ = {isa = PBXFileReference; fileEncoding = 4; lastKnownFileType = sourcecode.c.h; path = "EMPushManager+Chat.h"; sourceTree = "<group>"; };
		901B6384190A7619006482CB /* EMPushManager.h */ = {isa = PBXFileReference; fileEncoding = 4; lastKnownFileType = sourcecode.c.h; path = EMPushManager.h; sourceTree = "<group>"; };
		901B6385190A7619006482CB /* EMPushManagerBase.h */ = {isa = PBXFileReference; fileEncoding = 4; lastKnownFileType = sourcecode.c.h; path = EMPushManagerBase.h; sourceTree = "<group>"; };
		901B6386190A7619006482CB /* IPushManagerBase.h */ = {isa = PBXFileReference; fileEncoding = 4; lastKnownFileType = sourcecode.c.h; path = IPushManagerBase.h; sourceTree = "<group>"; };
		901B6387190A7619006482CB /* IPushManagerChat.h */ = {isa = PBXFileReference; fileEncoding = 4; lastKnownFileType = sourcecode.c.h; path = IPushManagerChat.h; sourceTree = "<group>"; };
		901B6388190A7619006482CB /* IPushManager.h */ = {isa = PBXFileReference; fileEncoding = 4; lastKnownFileType = sourcecode.c.h; path = IPushManager.h; sourceTree = "<group>"; };
		901B638A190A7619006482CB /* EMPushData.h */ = {isa = PBXFileReference; fileEncoding = 4; lastKnownFileType = sourcecode.c.h; path = EMPushData.h; sourceTree = "<group>"; };
		901B638B190A7619006482CB /* EMPushServiceDefs.h */ = {isa = PBXFileReference; fileEncoding = 4; lastKnownFileType = sourcecode.c.h; path = EMPushServiceDefs.h; sourceTree = "<group>"; };
		901B638F190A7619006482CB /* EMBuddyServiceDelegate.h */ = {isa = PBXFileReference; fileEncoding = 4; lastKnownFileType = sourcecode.c.h; path = EMBuddyServiceDelegate.h; sourceTree = "<group>"; };
		901B6390190A7619006482CB /* EMDepartmentServiceDelegate.h */ = {isa = PBXFileReference; fileEncoding = 4; lastKnownFileType = sourcecode.c.h; path = EMDepartmentServiceDelegate.h; sourceTree = "<group>"; };
		901B6391190A7619006482CB /* EMUserManagerDelegate.h */ = {isa = PBXFileReference; fileEncoding = 4; lastKnownFileType = sourcecode.c.h; path = EMUserManagerDelegate.h; sourceTree = "<group>"; };
		901B6392190A7619006482CB /* EMUserServiceDelegate.h */ = {isa = PBXFileReference; fileEncoding = 4; lastKnownFileType = sourcecode.c.h; path = EMUserServiceDelegate.h; sourceTree = "<group>"; };
		901B6393190A7619006482CB /* IUserManagerDelegate.h */ = {isa = PBXFileReference; fileEncoding = 4; lastKnownFileType = sourcecode.c.h; path = IUserManagerDelegate.h; sourceTree = "<group>"; };
		901B6395190A7619006482CB /* IUserManagerBase.h */ = {isa = PBXFileReference; fileEncoding = 4; lastKnownFileType = sourcecode.c.h; path = IUserManagerBase.h; sourceTree = "<group>"; };
		901B6396190A7619006482CB /* IUserManagerBuddyGroup.h */ = {isa = PBXFileReference; fileEncoding = 4; lastKnownFileType = sourcecode.c.h; path = IUserManagerBuddyGroup.h; sourceTree = "<group>"; };
		901B6397190A7619006482CB /* IUserManagerDepartment.h */ = {isa = PBXFileReference; fileEncoding = 4; lastKnownFileType = sourcecode.c.h; path = IUserManagerDepartment.h; sourceTree = "<group>"; };
		901B6398190A7619006482CB /* IUserManagerLogin.h */ = {isa = PBXFileReference; fileEncoding = 4; lastKnownFileType = sourcecode.c.h; path = IUserManagerLogin.h; sourceTree = "<group>"; };
		901B6399190A7619006482CB /* IUserManagerUser.h */ = {isa = PBXFileReference; fileEncoding = 4; lastKnownFileType = sourcecode.c.h; path = IUserManagerUser.h; sourceTree = "<group>"; };
		901B639A190A7619006482CB /* IUserManager.h */ = {isa = PBXFileReference; fileEncoding = 4; lastKnownFileType = sourcecode.c.h; path = IUserManager.h; sourceTree = "<group>"; };
		901B639C190A7619006482CB /* IBuddyGroup.h */ = {isa = PBXFileReference; fileEncoding = 4; lastKnownFileType = sourcecode.c.h; path = IBuddyGroup.h; sourceTree = "<group>"; };
		901B639D190A7619006482CB /* IBuddyListService.h */ = {isa = PBXFileReference; fileEncoding = 4; lastKnownFileType = sourcecode.c.h; path = IBuddyListService.h; sourceTree = "<group>"; };
		901B639E190A7619006482CB /* IDepartment.h */ = {isa = PBXFileReference; fileEncoding = 4; lastKnownFileType = sourcecode.c.h; path = IDepartment.h; sourceTree = "<group>"; };
		901B639F190A7619006482CB /* IDepartmentService.h */ = {isa = PBXFileReference; fileEncoding = 4; lastKnownFileType = sourcecode.c.h; path = IDepartmentService.h; sourceTree = "<group>"; };
		901B63A0190A7619006482CB /* IUserBase.h */ = {isa = PBXFileReference; fileEncoding = 4; lastKnownFileType = sourcecode.c.h; path = IUserBase.h; sourceTree = "<group>"; };
		901B63A1190A7619006482CB /* IUserService.h */ = {isa = PBXFileReference; fileEncoding = 4; lastKnownFileType = sourcecode.c.h; path = IUserService.h; sourceTree = "<group>"; };
		901B63A2190A7619006482CB /* IUserServiceFactory.h */ = {isa = PBXFileReference; fileEncoding = 4; lastKnownFileType = sourcecode.c.h; path = IUserServiceFactory.h; sourceTree = "<group>"; };
		901B63A3190A7619006482CB /* UserServiceDefs.h */ = {isa = PBXFileReference; fileEncoding = 4; lastKnownFileType = sourcecode.c.h; path = UserServiceDefs.h; sourceTree = "<group>"; };
		901B63A5190A7619006482CB /* EaseMob.h */ = {isa = PBXFileReference; fileEncoding = 4; lastKnownFileType = sourcecode.c.h; path = EaseMob.h; sourceTree = "<group>"; };
		901B63A6190A7619006482CB /* EaseMobHeaders.h */ = {isa = PBXFileReference; fileEncoding = 4; lastKnownFileType = sourcecode.c.h; path = EaseMobHeaders.h; sourceTree = "<group>"; };
		901B63AA190A7619006482CB /* VoiceConverter.h */ = {isa = PBXFileReference; fileEncoding = 4; lastKnownFileType = sourcecode.c.h; path = VoiceConverter.h; sourceTree = "<group>"; };
		901B63AB190A7619006482CB /* commonDefs.h */ = {isa = PBXFileReference; fileEncoding = 4; lastKnownFileType = sourcecode.c.h; path = commonDefs.h; sourceTree = "<group>"; };
		901B63AD190A7619006482CB /* DeviceManager.h */ = {isa = PBXFileReference; fileEncoding = 4; lastKnownFileType = sourcecode.c.h; path = DeviceManager.h; sourceTree = "<group>"; };
		901B63AE190A7619006482CB /* DeviceManagerDefs.h */ = {isa = PBXFileReference; fileEncoding = 4; lastKnownFileType = sourcecode.c.h; path = DeviceManagerDefs.h; sourceTree = "<group>"; };
		901B63B0190A7619006482CB /* DeviceManager+Audio.h */ = {isa = PBXFileReference; fileEncoding = 4; lastKnownFileType = sourcecode.c.h; path = "DeviceManager+Audio.h"; sourceTree = "<group>"; };
		901B63B1190A7619006482CB /* DeviceManager+Camera.h */ = {isa = PBXFileReference; fileEncoding = 4; lastKnownFileType = sourcecode.c.h; path = "DeviceManager+Camera.h"; sourceTree = "<group>"; };
		901B63B2190A7619006482CB /* DeviceManager+Device.h */ = {isa = PBXFileReference; fileEncoding = 4; lastKnownFileType = sourcecode.c.h; path = "DeviceManager+Device.h"; sourceTree = "<group>"; };
		901B63B3190A7619006482CB /* DeviceManager+Location.h */ = {isa = PBXFileReference; fileEncoding = 4; lastKnownFileType = sourcecode.c.h; path = "DeviceManager+Location.h"; sourceTree = "<group>"; };
		901B63B4190A7619006482CB /* DeviceManager+ProximitySensor.h */ = {isa = PBXFileReference; fileEncoding = 4; lastKnownFileType = sourcecode.c.h; path = "DeviceManager+ProximitySensor.h"; sourceTree = "<group>"; };
		901B63B5190A7619006482CB /* DeviceManagerAudioDelegate.h */ = {isa = PBXFileReference; fileEncoding = 4; lastKnownFileType = sourcecode.c.h; path = DeviceManagerAudioDelegate.h; sourceTree = "<group>"; };
		901B63B6190A7619006482CB /* DeviceManagerBase.h */ = {isa = PBXFileReference; fileEncoding = 4; lastKnownFileType = sourcecode.c.h; path = DeviceManagerBase.h; sourceTree = "<group>"; };
		901B63B7190A7619006482CB /* DeviceManagerDelegate.h */ = {isa = PBXFileReference; fileEncoding = 4; lastKnownFileType = sourcecode.c.h; path = DeviceManagerDelegate.h; sourceTree = "<group>"; };
		901B63B8190A7619006482CB /* DeviceManagerDelegateBase.h */ = {isa = PBXFileReference; fileEncoding = 4; lastKnownFileType = sourcecode.c.h; path = DeviceManagerDelegateBase.h; sourceTree = "<group>"; };
		901B63B9190A7619006482CB /* DeviceManagerLocationDelegate.h */ = {isa = PBXFileReference; fileEncoding = 4; lastKnownFileType = sourcecode.c.h; path = DeviceManagerLocationDelegate.h; sourceTree = "<group>"; };
		901B63BA190A7619006482CB /* DeviceManagerProximitySensorDelegate.h */ = {isa = PBXFileReference; fileEncoding = 4; lastKnownFileType = sourcecode.c.h; path = DeviceManagerProximitySensorDelegate.h; sourceTree = "<group>"; };
		901B63BC190A7619006482CB /* EMError.h */ = {isa = PBXFileReference; fileEncoding = 4; lastKnownFileType = sourcecode.c.h; path = EMError.h; sourceTree = "<group>"; };
		901B63BE190A7619006482CB /* HttpStatusCodeDefs.h */ = {isa = PBXFileReference; fileEncoding = 4; lastKnownFileType = sourcecode.c.h; path = HttpStatusCodeDefs.h; sourceTree = "<group>"; };
		901B63BF190A7619006482CB /* Reachability.h */ = {isa = PBXFileReference; fileEncoding = 4; lastKnownFileType = sourcecode.c.h; path = Reachability.h; sourceTree = "<group>"; };
		901B63C1190A7619006482CB /* libEaseMobClientSDKLite.a */ = {isa = PBXFileReference; lastKnownFileType = archive.ar; path = libEaseMobClientSDKLite.a; sourceTree = "<group>"; };
		901B63C4190A7619006482CB /* EaseMob.bundle */ = {isa = PBXFileReference; lastKnownFileType = "wrapper.plug-in"; path = EaseMob.bundle; sourceTree = "<group>"; };
		901B63C7190A780B006482CB /* NSDateFormatter+Category.h */ = {isa = PBXFileReference; fileEncoding = 4; lastKnownFileType = sourcecode.c.h; path = "NSDateFormatter+Category.h"; sourceTree = "<group>"; };
		901B63C8190A780B006482CB /* NSDateFormatter+Category.m */ = {isa = PBXFileReference; fileEncoding = 4; lastKnownFileType = sourcecode.c.objc; path = "NSDateFormatter+Category.m"; sourceTree = "<group>"; };
		901B63CC190A7D13006482CB /* MBProgressHUD+Add.h */ = {isa = PBXFileReference; fileEncoding = 4; lastKnownFileType = sourcecode.c.h; path = "MBProgressHUD+Add.h"; sourceTree = "<group>"; };
		901B63CD190A7D13006482CB /* MBProgressHUD+Add.m */ = {isa = PBXFileReference; fileEncoding = 4; lastKnownFileType = sourcecode.c.objc; path = "MBProgressHUD+Add.m"; sourceTree = "<group>"; };
		901B63CE190A7D13006482CB /* MBProgressHUD.h */ = {isa = PBXFileReference; fileEncoding = 4; lastKnownFileType = sourcecode.c.h; path = MBProgressHUD.h; sourceTree = "<group>"; };
		901B63CF190A7D13006482CB /* MBProgressHUD.m */ = {isa = PBXFileReference; fileEncoding = 4; lastKnownFileType = sourcecode.c.objc; path = MBProgressHUD.m; sourceTree = "<group>"; };
		901B63D1190A7D13006482CB /* WCAlertView.h */ = {isa = PBXFileReference; fileEncoding = 4; lastKnownFileType = sourcecode.c.h; path = WCAlertView.h; sourceTree = "<group>"; };
		901B63D2190A7D13006482CB /* WCAlertView.m */ = {isa = PBXFileReference; fileEncoding = 4; lastKnownFileType = sourcecode.c.objc; path = WCAlertView.m; sourceTree = "<group>"; };
		9048CEDA190373BF003A775C /* ContactManager.h */ = {isa = PBXFileReference; fileEncoding = 4; lastKnownFileType = sourcecode.c.h; path = ContactManager.h; sourceTree = "<group>"; };
		9048CEDB190373BF003A775C /* ContactManager.m */ = {isa = PBXFileReference; fileEncoding = 4; lastKnownFileType = sourcecode.c.objc; path = ContactManager.m; sourceTree = "<group>"; };
		9048CEE4190377D5003A775C /* UIViewController+HUD.h */ = {isa = PBXFileReference; fileEncoding = 4; lastKnownFileType = sourcecode.c.h; path = "UIViewController+HUD.h"; sourceTree = "<group>"; };
		9048CEE5190377D5003A775C /* UIViewController+HUD.m */ = {isa = PBXFileReference; fileEncoding = 4; lastKnownFileType = sourcecode.c.objc; path = "UIViewController+HUD.m"; sourceTree = "<group>"; };
		9048CEE919037BBD003A775C /* ToolViewEmotion@2x.png */ = {isa = PBXFileReference; lastKnownFileType = image.png; path = "ToolViewEmotion@2x.png"; sourceTree = "<group>"; };
		9048CEEA19037BBD003A775C /* ToolViewEmotionHL@2x.png */ = {isa = PBXFileReference; lastKnownFileType = image.png; path = "ToolViewEmotionHL@2x.png"; sourceTree = "<group>"; };
		9048CEEB19037BBD003A775C /* ToolViewInputText@2x.png */ = {isa = PBXFileReference; lastKnownFileType = image.png; path = "ToolViewInputText@2x.png"; sourceTree = "<group>"; };
		9048CEEC19037BBD003A775C /* ToolViewInputTextHL@2x.png */ = {isa = PBXFileReference; lastKnownFileType = image.png; path = "ToolViewInputTextHL@2x.png"; sourceTree = "<group>"; };
		9048CEED19037BBD003A775C /* ToolViewInputVoice@2x.png */ = {isa = PBXFileReference; lastKnownFileType = image.png; path = "ToolViewInputVoice@2x.png"; sourceTree = "<group>"; };
		9048CEEE19037BBD003A775C /* ToolViewInputVoiceHL@2x.png */ = {isa = PBXFileReference; lastKnownFileType = image.png; path = "ToolViewInputVoiceHL@2x.png"; sourceTree = "<group>"; };
		9048CEEF19037BBD003A775C /* ToolViewKeyboard@2x.png */ = {isa = PBXFileReference; lastKnownFileType = image.png; path = "ToolViewKeyboard@2x.png"; sourceTree = "<group>"; };
		9048CEF019037BBD003A775C /* ToolViewKeyboardHL@2x.png */ = {isa = PBXFileReference; lastKnownFileType = image.png; path = "ToolViewKeyboardHL@2x.png"; sourceTree = "<group>"; };
		9048CEF119037BBD003A775C /* TypeSelectorBtn_Black@2x.png */ = {isa = PBXFileReference; lastKnownFileType = image.png; path = "TypeSelectorBtn_Black@2x.png"; sourceTree = "<group>"; };
		9048CEF219037BBD003A775C /* TypeSelectorBtnHL_Black@2x.png */ = {isa = PBXFileReference; lastKnownFileType = image.png; path = "TypeSelectorBtnHL_Black@2x.png"; sourceTree = "<group>"; };
		9048CEFD19038206003A775C /* account_defaultHead.png */ = {isa = PBXFileReference; lastKnownFileType = image.png; path = account_defaultHead.png; sourceTree = "<group>"; };
		90CDBF8F190112F200206567 /* ChatDemo-UI.app */ = {isa = PBXFileReference; explicitFileType = wrapper.application; includeInIndex = 0; path = "ChatDemo-UI.app"; sourceTree = BUILT_PRODUCTS_DIR; };
		90CDBF92190112F200206567 /* Foundation.framework */ = {isa = PBXFileReference; lastKnownFileType = wrapper.framework; name = Foundation.framework; path = System/Library/Frameworks/Foundation.framework; sourceTree = SDKROOT; };
		90CDBF94190112F200206567 /* CoreGraphics.framework */ = {isa = PBXFileReference; lastKnownFileType = wrapper.framework; name = CoreGraphics.framework; path = System/Library/Frameworks/CoreGraphics.framework; sourceTree = SDKROOT; };
		90CDBF96190112F200206567 /* UIKit.framework */ = {isa = PBXFileReference; lastKnownFileType = wrapper.framework; name = UIKit.framework; path = System/Library/Frameworks/UIKit.framework; sourceTree = SDKROOT; };
		90CDBF9A190112F200206567 /* ChatDemo-UI-Info.plist */ = {isa = PBXFileReference; lastKnownFileType = text.plist.xml; path = "ChatDemo-UI-Info.plist"; sourceTree = "<group>"; };
		90CDBF9C190112F200206567 /* en */ = {isa = PBXFileReference; lastKnownFileType = text.plist.strings; name = en; path = en.lproj/InfoPlist.strings; sourceTree = "<group>"; };
		90CDBF9E190112F200206567 /* main.m */ = {isa = PBXFileReference; lastKnownFileType = sourcecode.c.objc; path = main.m; sourceTree = "<group>"; };
		90CDBFA0190112F200206567 /* ChatDemo-UI-Prefix.pch */ = {isa = PBXFileReference; lastKnownFileType = sourcecode.c.h; path = "ChatDemo-UI-Prefix.pch"; sourceTree = "<group>"; };
		90CDBFA1190112F200206567 /* AppDelegate.h */ = {isa = PBXFileReference; lastKnownFileType = sourcecode.c.h; path = AppDelegate.h; sourceTree = "<group>"; };
		90CDBFA2190112F200206567 /* AppDelegate.m */ = {isa = PBXFileReference; lastKnownFileType = sourcecode.c.objc; path = AppDelegate.m; sourceTree = "<group>"; };
		90CDBFA4190112F200206567 /* Images.xcassets */ = {isa = PBXFileReference; lastKnownFileType = folder.assetcatalog; path = Images.xcassets; sourceTree = "<group>"; };
		90CDBFAA190112F200206567 /* ChatDemo-UITests.xctest */ = {isa = PBXFileReference; explicitFileType = wrapper.cfbundle; includeInIndex = 0; path = "ChatDemo-UITests.xctest"; sourceTree = BUILT_PRODUCTS_DIR; };
		90CDBFAB190112F200206567 /* XCTest.framework */ = {isa = PBXFileReference; lastKnownFileType = wrapper.framework; name = XCTest.framework; path = Library/Frameworks/XCTest.framework; sourceTree = DEVELOPER_DIR; };
		90CDBFB3190112F200206567 /* ChatDemo-UITests-Info.plist */ = {isa = PBXFileReference; lastKnownFileType = text.plist.xml; path = "ChatDemo-UITests-Info.plist"; sourceTree = "<group>"; };
		90CDBFB5190112F200206567 /* en */ = {isa = PBXFileReference; lastKnownFileType = text.plist.strings; name = en; path = en.lproj/InfoPlist.strings; sourceTree = "<group>"; };
		90CDBFB7190112F200206567 /* ChatDemo_UITests.m */ = {isa = PBXFileReference; lastKnownFileType = sourcecode.c.objc; path = ChatDemo_UITests.m; sourceTree = "<group>"; };
		90CDC0FA1901141000206567 /* libxml2.dylib */ = {isa = PBXFileReference; lastKnownFileType = "compiled.mach-o.dylib"; name = libxml2.dylib; path = usr/lib/libxml2.dylib; sourceTree = SDKROOT; };
		90CDC0FC1901141900206567 /* libz.dylib */ = {isa = PBXFileReference; lastKnownFileType = "compiled.mach-o.dylib"; name = libz.dylib; path = usr/lib/libz.dylib; sourceTree = SDKROOT; };
		90CDC0FE1901142000206567 /* CFNetwork.framework */ = {isa = PBXFileReference; lastKnownFileType = wrapper.framework; name = CFNetwork.framework; path = System/Library/Frameworks/CFNetwork.framework; sourceTree = SDKROOT; };
		90CDC1001901142E00206567 /* AddressBook.framework */ = {isa = PBXFileReference; lastKnownFileType = wrapper.framework; name = AddressBook.framework; path = System/Library/Frameworks/AddressBook.framework; sourceTree = SDKROOT; };
		90CDC1021901143700206567 /* libiconv.dylib */ = {isa = PBXFileReference; lastKnownFileType = "compiled.mach-o.dylib"; name = libiconv.dylib; path = usr/lib/libiconv.dylib; sourceTree = SDKROOT; };
		90CDC1041901143D00206567 /* libstdc++.dylib */ = {isa = PBXFileReference; lastKnownFileType = "compiled.mach-o.dylib"; name = "libstdc++.dylib"; path = "usr/lib/libstdc++.dylib"; sourceTree = SDKROOT; };
		90CDC1061901144300206567 /* libresolv.dylib */ = {isa = PBXFileReference; lastKnownFileType = "compiled.mach-o.dylib"; name = libresolv.dylib; path = usr/lib/libresolv.dylib; sourceTree = SDKROOT; };
		90CDC1081901144900206567 /* MobileCoreServices.framework */ = {isa = PBXFileReference; lastKnownFileType = wrapper.framework; name = MobileCoreServices.framework; path = System/Library/Frameworks/MobileCoreServices.framework; sourceTree = SDKROOT; };
		90CDC10C1901166800206567 /* Contact.h */ = {isa = PBXFileReference; fileEncoding = 4; lastKnownFileType = sourcecode.c.h; path = Contact.h; sourceTree = "<group>"; };
		90CDC10D1901166800206567 /* Contact.m */ = {isa = PBXFileReference; fileEncoding = 4; lastKnownFileType = sourcecode.c.objc; path = Contact.m; sourceTree = "<group>"; };
		90CDC1151901169B00206567 /* sr_refresh.png */ = {isa = PBXFileReference; lastKnownFileType = image.png; path = sr_refresh.png; sourceTree = "<group>"; };
		90CDC1161901169B00206567 /* sr_refresh@2X.png */ = {isa = PBXFileReference; lastKnownFileType = image.png; path = "sr_refresh@2X.png"; sourceTree = "<group>"; };
		90CDC1171901169B00206567 /* SRDefine.h */ = {isa = PBXFileReference; fileEncoding = 4; lastKnownFileType = sourcecode.c.h; path = SRDefine.h; sourceTree = "<group>"; };
		90CDC1181901169B00206567 /* SRRefreshView.h */ = {isa = PBXFileReference; fileEncoding = 4; lastKnownFileType = sourcecode.c.h; path = SRRefreshView.h; sourceTree = "<group>"; };
		90CDC1191901169B00206567 /* SRRefreshView.m */ = {isa = PBXFileReference; fileEncoding = 4; lastKnownFileType = sourcecode.c.objc; path = SRRefreshView.m; sourceTree = "<group>"; };
		90CDC11A1901169B00206567 /* SRSlimeView.h */ = {isa = PBXFileReference; fileEncoding = 4; lastKnownFileType = sourcecode.c.h; path = SRSlimeView.h; sourceTree = "<group>"; };
		90CDC11B1901169B00206567 /* SRSlimeView.m */ = {isa = PBXFileReference; fileEncoding = 4; lastKnownFileType = sourcecode.c.objc; path = SRSlimeView.m; sourceTree = "<group>"; };
		90CDC11C1901169B00206567 /* XDChatListCell.h */ = {isa = PBXFileReference; fileEncoding = 4; lastKnownFileType = sourcecode.c.h; path = XDChatListCell.h; sourceTree = "<group>"; };
		90CDC11D1901169B00206567 /* XDChatListCell.m */ = {isa = PBXFileReference; fileEncoding = 4; lastKnownFileType = sourcecode.c.objc; path = XDChatListCell.m; sourceTree = "<group>"; };
		90CDC11E1901169B00206567 /* ChatListViewController.h */ = {isa = PBXFileReference; fileEncoding = 4; lastKnownFileType = sourcecode.c.h; path = ChatListViewController.h; sourceTree = "<group>"; };
		90CDC11F1901169B00206567 /* ChatListViewController.m */ = {isa = PBXFileReference; fileEncoding = 4; lastKnownFileType = sourcecode.c.objc; path = ChatListViewController.m; sourceTree = "<group>"; };
		90CDC1221901169B00206567 /* BaseCell.h */ = {isa = PBXFileReference; fileEncoding = 4; lastKnownFileType = sourcecode.c.h; path = BaseCell.h; sourceTree = "<group>"; };
		90CDC1231901169B00206567 /* BaseCell.m */ = {isa = PBXFileReference; fileEncoding = 4; lastKnownFileType = sourcecode.c.objc; path = BaseCell.m; sourceTree = "<group>"; };
		90CDC1271901169B00206567 /* ChatBaseBubbleView.h */ = {isa = PBXFileReference; fileEncoding = 4; lastKnownFileType = sourcecode.c.h; path = ChatBaseBubbleView.h; sourceTree = "<group>"; };
		90CDC1281901169B00206567 /* ChatBaseBubbleView.m */ = {isa = PBXFileReference; fileEncoding = 4; lastKnownFileType = sourcecode.c.objc; path = ChatBaseBubbleView.m; sourceTree = "<group>"; };
		90CDC12D1901169B00206567 /* ChatTextBubbleView.h */ = {isa = PBXFileReference; fileEncoding = 4; lastKnownFileType = sourcecode.c.h; path = ChatTextBubbleView.h; sourceTree = "<group>"; };
		90CDC12E1901169B00206567 /* ChatTextBubbleView.m */ = {isa = PBXFileReference; fileEncoding = 4; lastKnownFileType = sourcecode.c.objc; path = ChatTextBubbleView.m; sourceTree = "<group>"; };
		90CDC12F1901169B00206567 /* ChatCellManager.h */ = {isa = PBXFileReference; fileEncoding = 4; lastKnownFileType = sourcecode.c.h; path = ChatCellManager.h; sourceTree = "<group>"; };
		90CDC1301901169B00206567 /* ChatCellManager.m */ = {isa = PBXFileReference; fileEncoding = 4; lastKnownFileType = sourcecode.c.objc; path = ChatCellManager.m; sourceTree = "<group>"; };
		90CDC1331901169B00206567 /* ChatLeftCell.h */ = {isa = PBXFileReference; fileEncoding = 4; lastKnownFileType = sourcecode.c.h; path = ChatLeftCell.h; sourceTree = "<group>"; };
		90CDC1341901169B00206567 /* ChatLeftCell.m */ = {isa = PBXFileReference; fileEncoding = 4; lastKnownFileType = sourcecode.c.objc; path = ChatLeftCell.m; sourceTree = "<group>"; };
		90CDC1391901169B00206567 /* ChatLeftTextCell.h */ = {isa = PBXFileReference; fileEncoding = 4; lastKnownFileType = sourcecode.c.h; path = ChatLeftTextCell.h; sourceTree = "<group>"; };
		90CDC13A1901169B00206567 /* ChatLeftTextCell.m */ = {isa = PBXFileReference; fileEncoding = 4; lastKnownFileType = sourcecode.c.objc; path = ChatLeftTextCell.m; sourceTree = "<group>"; };
		90CDC13D1901169B00206567 /* ChatRightCell.h */ = {isa = PBXFileReference; fileEncoding = 4; lastKnownFileType = sourcecode.c.h; path = ChatRightCell.h; sourceTree = "<group>"; };
		90CDC13E1901169B00206567 /* ChatRightCell.m */ = {isa = PBXFileReference; fileEncoding = 4; lastKnownFileType = sourcecode.c.objc; path = ChatRightCell.m; sourceTree = "<group>"; };
		90CDC1431901169B00206567 /* ChatRightTextCell.h */ = {isa = PBXFileReference; fileEncoding = 4; lastKnownFileType = sourcecode.c.h; path = ChatRightTextCell.h; sourceTree = "<group>"; };
		90CDC1441901169B00206567 /* ChatRightTextCell.m */ = {isa = PBXFileReference; fileEncoding = 4; lastKnownFileType = sourcecode.c.objc; path = ChatRightTextCell.m; sourceTree = "<group>"; };
		90CDC1461901169B00206567 /* chat_receiver_bg.png */ = {isa = PBXFileReference; lastKnownFileType = image.png; path = chat_receiver_bg.png; sourceTree = "<group>"; };
		90CDC1471901169B00206567 /* chat_receiver_bg@2x.png */ = {isa = PBXFileReference; lastKnownFileType = image.png; path = "chat_receiver_bg@2x.png"; sourceTree = "<group>"; };
		90CDC1481901169B00206567 /* chat_sender_bg.png */ = {isa = PBXFileReference; lastKnownFileType = image.png; path = chat_sender_bg.png; sourceTree = "<group>"; };
		90CDC1491901169B00206567 /* chat_sender_bg@2x.png */ = {isa = PBXFileReference; lastKnownFileType = image.png; path = "chat_sender_bg@2x.png"; sourceTree = "<group>"; };
		90CDC14A1901169B00206567 /* XDChatTimeCell.h */ = {isa = PBXFileReference; fileEncoding = 4; lastKnownFileType = sourcecode.c.h; path = XDChatTimeCell.h; sourceTree = "<group>"; };
		90CDC14B1901169B00206567 /* XDChatTimeCell.m */ = {isa = PBXFileReference; fileEncoding = 4; lastKnownFileType = sourcecode.c.objc; path = XDChatTimeCell.m; sourceTree = "<group>"; };
		90CDC14F1901169B00206567 /* ChatCellModel.h */ = {isa = PBXFileReference; fileEncoding = 4; lastKnownFileType = sourcecode.c.h; path = ChatCellModel.h; sourceTree = "<group>"; };
		90CDC1501901169B00206567 /* ChatCellModel.m */ = {isa = PBXFileReference; fileEncoding = 4; lastKnownFileType = sourcecode.c.objc; path = ChatCellModel.m; sourceTree = "<group>"; };
		90CDC1511901169B00206567 /* ChatCellModelManager.h */ = {isa = PBXFileReference; fileEncoding = 4; lastKnownFileType = sourcecode.c.h; path = ChatCellModelManager.h; sourceTree = "<group>"; };
		90CDC1521901169B00206567 /* ChatCellModelManager.m */ = {isa = PBXFileReference; fileEncoding = 4; lastKnownFileType = sourcecode.c.objc; path = ChatCellModelManager.m; sourceTree = "<group>"; };
		90CDC1571901169B00206567 /* ChatTextModel.h */ = {isa = PBXFileReference; fileEncoding = 4; lastKnownFileType = sourcecode.c.h; path = ChatTextModel.h; sourceTree = "<group>"; };
		90CDC1581901169B00206567 /* ChatTextModel.m */ = {isa = PBXFileReference; fileEncoding = 4; lastKnownFileType = sourcecode.c.objc; path = ChatTextModel.m; sourceTree = "<group>"; };
		90CDC1591901169B00206567 /* ChatSendHelper.h */ = {isa = PBXFileReference; fileEncoding = 4; lastKnownFileType = sourcecode.c.h; path = ChatSendHelper.h; sourceTree = "<group>"; };
		90CDC15A1901169B00206567 /* ChatSendHelper.m */ = {isa = PBXFileReference; fileEncoding = 4; lastKnownFileType = sourcecode.c.objc; path = ChatSendHelper.m; sourceTree = "<group>"; };
		90CDC15C1901169B00206567 /* ChatToolBar.h */ = {isa = PBXFileReference; fileEncoding = 4; lastKnownFileType = sourcecode.c.h; path = ChatToolBar.h; sourceTree = "<group>"; };
		90CDC15D1901169B00206567 /* ChatToolBar.m */ = {isa = PBXFileReference; fileEncoding = 4; lastKnownFileType = sourcecode.c.objc; path = ChatToolBar.m; sourceTree = "<group>"; };
		90CDC15E1901169B00206567 /* ChatToolBar.xib */ = {isa = PBXFileReference; fileEncoding = 4; lastKnownFileType = file.xib; path = ChatToolBar.xib; sourceTree = "<group>"; };
		90CDC15F1901169B00206567 /* FacialView.h */ = {isa = PBXFileReference; fileEncoding = 4; lastKnownFileType = sourcecode.c.h; path = FacialView.h; sourceTree = "<group>"; };
		90CDC1601901169B00206567 /* FacialView.m */ = {isa = PBXFileReference; fileEncoding = 4; lastKnownFileType = sourcecode.c.objc; path = FacialView.m; sourceTree = "<group>"; };
		90CDC1611901169B00206567 /* HPGrowingTextView.h */ = {isa = PBXFileReference; fileEncoding = 4; lastKnownFileType = sourcecode.c.h; path = HPGrowingTextView.h; sourceTree = "<group>"; };
		90CDC1621901169B00206567 /* HPGrowingTextView.m */ = {isa = PBXFileReference; fileEncoding = 4; lastKnownFileType = sourcecode.c.objc; path = HPGrowingTextView.m; sourceTree = "<group>"; };
		90CDC1631901169B00206567 /* HPTextViewInternal.h */ = {isa = PBXFileReference; fileEncoding = 4; lastKnownFileType = sourcecode.c.h; path = HPTextViewInternal.h; sourceTree = "<group>"; };
		90CDC1641901169B00206567 /* HPTextViewInternal.m */ = {isa = PBXFileReference; fileEncoding = 4; lastKnownFileType = sourcecode.c.objc; path = HPTextViewInternal.m; sourceTree = "<group>"; };
		90CDC1651901169B00206567 /* FaceView.h */ = {isa = PBXFileReference; fileEncoding = 4; lastKnownFileType = sourcecode.c.h; path = FaceView.h; sourceTree = "<group>"; };
		90CDC1661901169B00206567 /* FaceView.m */ = {isa = PBXFileReference; fileEncoding = 4; lastKnownFileType = sourcecode.c.objc; path = FaceView.m; sourceTree = "<group>"; };
		90CDC1701901169B00206567 /* ChatViewController.h */ = {isa = PBXFileReference; fileEncoding = 4; lastKnownFileType = sourcecode.c.h; path = ChatViewController.h; sourceTree = "<group>"; };
		90CDC1711901169B00206567 /* ChatViewController.m */ = {isa = PBXFileReference; fileEncoding = 4; lastKnownFileType = sourcecode.c.objc; path = ChatViewController.m; sourceTree = "<group>"; };
		90CDC1751901169B00206567 /* macros.h */ = {isa = PBXFileReference; fileEncoding = 4; lastKnownFileType = sourcecode.c.h; path = macros.h; sourceTree = "<group>"; };
		90CDC3B919011AAB00206567 /* XDDefine.h */ = {isa = PBXFileReference; lastKnownFileType = sourcecode.c.h; path = XDDefine.h; sourceTree = "<group>"; };
		90CDC3BA19011E1B00206567 /* ContactsViewController.h */ = {isa = PBXFileReference; fileEncoding = 4; lastKnownFileType = sourcecode.c.h; path = ContactsViewController.h; sourceTree = "<group>"; };
		90CDC3BB19011E1B00206567 /* ContactsViewController.m */ = {isa = PBXFileReference; fileEncoding = 4; lastKnownFileType = sourcecode.c.objc; path = ContactsViewController.m; sourceTree = "<group>"; };
		90CDC3BE190124A400206567 /* NSDate+Category.h */ = {isa = PBXFileReference; fileEncoding = 4; lastKnownFileType = sourcecode.c.h; path = "NSDate+Category.h"; sourceTree = "<group>"; };
		90CDC3BF190124A400206567 /* NSDate+Category.m */ = {isa = PBXFileReference; fileEncoding = 4; lastKnownFileType = sourcecode.c.objc; path = "NSDate+Category.m"; sourceTree = "<group>"; };
		90CDC3C11901259200206567 /* XDMenuItem.h */ = {isa = PBXFileReference; fileEncoding = 4; lastKnownFileType = sourcecode.c.h; path = XDMenuItem.h; sourceTree = "<group>"; };
		90CDC3C21901259200206567 /* XDMenuItem.m */ = {isa = PBXFileReference; fileEncoding = 4; lastKnownFileType = sourcecode.c.objc; path = XDMenuItem.m; sourceTree = "<group>"; };
		90CDC3C61901275F00206567 /* ChatViewController.xib */ = {isa = PBXFileReference; fileEncoding = 4; lastKnownFileType = file.xib; path = ChatViewController.xib; sourceTree = "<group>"; };
		90CDC3C81901290D00206567 /* MainViewController.h */ = {isa = PBXFileReference; fileEncoding = 4; lastKnownFileType = sourcecode.c.h; path = MainViewController.h; sourceTree = "<group>"; };
		90CDC3C91901290D00206567 /* MainViewController.m */ = {isa = PBXFileReference; fileEncoding = 4; lastKnownFileType = sourcecode.c.objc; path = MainViewController.m; sourceTree = "<group>"; };
/* End PBXFileReference section */

/* Begin PBXFrameworksBuildPhase section */
		90CDBF8C190112F200206567 /* Frameworks */ = {
			isa = PBXFrameworksBuildPhase;
			buildActionMask = 2147483647;
			files = (
				90CDBF93190112F200206567 /* Foundation.framework in Frameworks */,
				90CDC1091901144900206567 /* MobileCoreServices.framework in Frameworks */,
				90CDC1071901144300206567 /* libresolv.dylib in Frameworks */,
				90CDC1051901143D00206567 /* libstdc++.dylib in Frameworks */,
				90CDC1031901143700206567 /* libiconv.dylib in Frameworks */,
				90CDC1011901142E00206567 /* AddressBook.framework in Frameworks */,
				90CDC0FF1901142000206567 /* CFNetwork.framework in Frameworks */,
				90CDC0FD1901141900206567 /* libz.dylib in Frameworks */,
				90CDC0FB1901141000206567 /* libxml2.dylib in Frameworks */,
				90CDBF95190112F200206567 /* CoreGraphics.framework in Frameworks */,
				901B63C5190A7619006482CB /* libEaseMobClientSDKLite.a in Frameworks */,
				90CDBF97190112F200206567 /* UIKit.framework in Frameworks */,
			);
			runOnlyForDeploymentPostprocessing = 0;
		};
		90CDBFA7190112F200206567 /* Frameworks */ = {
			isa = PBXFrameworksBuildPhase;
			buildActionMask = 2147483647;
			files = (
				90CDBFAC190112F200206567 /* XCTest.framework in Frameworks */,
				90CDBFAE190112F200206567 /* UIKit.framework in Frameworks */,
				90CDBFAD190112F200206567 /* Foundation.framework in Frameworks */,
			);
			runOnlyForDeploymentPostprocessing = 0;
		};
/* End PBXFrameworksBuildPhase section */

/* Begin PBXGroup section */
		901B6347190A7619006482CB /* EaseMobSDK */ = {
			isa = PBXGroup;
			children = (
				901B6348190A7619006482CB /* include */,
				901B63C0190A7619006482CB /* lib */,
				901B63C2190A7619006482CB /* resources */,
			);
			path = EaseMobSDK;
			sourceTree = "<group>";
		};
		901B6348190A7619006482CB /* include */ = {
			isa = PBXGroup;
			children = (
				901B6349190A7619006482CB /* ChatService */,
				901B63A4190A7619006482CB /* EaseMobClientSDKLite */,
				901B63A7190A7619006482CB /* Utility */,
			);
			path = include;
			sourceTree = "<group>";
		};
		901B6349190A7619006482CB /* ChatService */ = {
			isa = PBXGroup;
			children = (
				901B634A190A7619006482CB /* common */,
				901B634E190A7619006482CB /* EMChatManager */,
				901B637B190A7619006482CB /* EMPushManager */,
				901B638C190A7619006482CB /* UserService */,
			);
			path = ChatService;
			sourceTree = "<group>";
		};
		901B634A190A7619006482CB /* common */ = {
			isa = PBXGroup;
			children = (
				901B634B190A7619006482CB /* XMPPManager */,
			);
			path = common;
			sourceTree = "<group>";
		};
		901B634B190A7619006482CB /* XMPPManager */ = {
			isa = PBXGroup;
			children = (
				901B634C190A7619006482CB /* Emoji */,
			);
			path = XMPPManager;
			sourceTree = "<group>";
		};
		901B634C190A7619006482CB /* Emoji */ = {
			isa = PBXGroup;
			children = (
				901B634D190A7619006482CB /* Emoji.h */,
			);
			path = Emoji;
			sourceTree = "<group>";
		};
		901B634E190A7619006482CB /* EMChatManager */ = {
			isa = PBXGroup;
			children = (
				901B634F190A7619006482CB /* delegates */,
				901B6358190A7619006482CB /* IChatManager.h */,
				901B6359190A7619006482CB /* internal */,
				901B6361190A7619006482CB /* types */,
			);
			path = EMChatManager;
			sourceTree = "<group>";
		};
		901B634F190A7619006482CB /* delegates */ = {
			isa = PBXGroup;
			children = (
				901B6350190A7619006482CB /* IChatManagerDelegate.h */,
				901B6351190A7619006482CB /* internal */,
			);
			path = delegates;
			sourceTree = "<group>";
		};
		901B6351190A7619006482CB /* internal */ = {
			isa = PBXGroup;
			children = (
				901B6352190A7619006482CB /* EMChatManagerChatDelegate.h */,
				901B6353190A7619006482CB /* EMChatManagerDelegate.h */,
				901B6354190A7619006482CB /* EMChatManagerDelegateBase.h */,
				901B6355190A7619006482CB /* EMChatManagerEncryptionDelegate.h */,
				901B6356190A7619006482CB /* EMChatManagerLoginDelegate.h */,
				901B6357190A7619006482CB /* EMChatManagerMediaDelegate.h */,
			);
			path = internal;
			sourceTree = "<group>";
		};
		901B6359190A7619006482CB /* internal */ = {
			isa = PBXGroup;
			children = (
				901B635A190A7619006482CB /* IChatManagerBase.h */,
				901B635B190A7619006482CB /* IChatManagerChat.h */,
				901B635C190A7619006482CB /* IChatManagerConversation.h */,
				901B635D190A7619006482CB /* IChatManagerEncryption.h */,
				901B635E190A7619006482CB /* IChatManagerLogin.h */,
				901B635F190A7619006482CB /* IChatManagerMedia.h */,
				901B6360190A7619006482CB /* IChatManagerUtil.h */,
			);
			path = internal;
			sourceTree = "<group>";
		};
		901B6361190A7619006482CB /* types */ = {
			isa = PBXGroup;
			children = (
				901B6362190A7619006482CB /* ChatroomCommandProcessor.h */,
				901B6363190A7619006482CB /* EMChatCommand.h */,
				901B6364190A7619006482CB /* EMChatFile.h */,
				901B6365190A7619006482CB /* EMChatImage.h */,
				901B6366190A7619006482CB /* EMChatLocation.h */,
				901B6367190A7619006482CB /* EMChatObject.h */,
				901B6368190A7619006482CB /* EMChatServiceDefs.h */,
				901B6369190A7619006482CB /* EMChatText.h */,
				901B636A190A7619006482CB /* EMChatVideo.h */,
				901B636B190A7619006482CB /* EMChatVoice.h */,
				901B636C190A7619006482CB /* EMCommandMessageBody.h */,
				901B636D190A7619006482CB /* EMConversation.h */,
				901B636E190A7619006482CB /* EMFileMessageBody.h */,
				901B636F190A7619006482CB /* EMImageMessageBody.h */,
				901B6370190A7619006482CB /* EMLocationMessageBody.h */,
				901B6371190A7619006482CB /* EMMessage.h */,
				901B6372190A7619006482CB /* EMMessageBody.h */,
				901B6373190A7619006482CB /* EMReceipt.h */,
				901B6374190A7619006482CB /* EMTextMessageBody.h */,
				901B6375190A7619006482CB /* EMVideoMessageBody.h */,
				901B6376190A7619006482CB /* EMVoiceMessageBody.h */,
				901B6377190A7619006482CB /* IEMChatCryptor.h */,
				901B6378190A7619006482CB /* IEMChatProgressDelegate.h */,
				901B6379190A7619006482CB /* IEMCommandProcessor.h */,
				901B637A190A7619006482CB /* LBSCommandProcessor.h */,
			);
			path = types;
			sourceTree = "<group>";
		};
		901B637B190A7619006482CB /* EMPushManager */ = {
			isa = PBXGroup;
			children = (
				901B637C190A7619006482CB /* delegates */,
				901B6382190A7619006482CB /* internal */,
				901B6388190A7619006482CB /* IPushManager.h */,
				901B6389190A7619006482CB /* types */,
			);
			path = EMPushManager;
			sourceTree = "<group>";
		};
		901B637C190A7619006482CB /* delegates */ = {
			isa = PBXGroup;
			children = (
				901B637D190A7619006482CB /* internal */,
				901B6381190A7619006482CB /* IPushManagerDelegate.h */,
			);
			path = delegates;
			sourceTree = "<group>";
		};
		901B637D190A7619006482CB /* internal */ = {
			isa = PBXGroup;
			children = (
				901B637E190A7619006482CB /* EMPushManagerDelegate.h */,
				901B637F190A7619006482CB /* EMPushManagerDelegateBase.h */,
				901B6380190A7619006482CB /* EMPushManagerDelegateChat.h */,
			);
			path = internal;
			sourceTree = "<group>";
		};
		901B6382190A7619006482CB /* internal */ = {
			isa = PBXGroup;
			children = (
				901B6383190A7619006482CB /* EMPushManager+Chat.h */,
				901B6384190A7619006482CB /* EMPushManager.h */,
				901B6385190A7619006482CB /* EMPushManagerBase.h */,
				901B6386190A7619006482CB /* IPushManagerBase.h */,
				901B6387190A7619006482CB /* IPushManagerChat.h */,
			);
			path = internal;
			sourceTree = "<group>";
		};
		901B6389190A7619006482CB /* types */ = {
			isa = PBXGroup;
			children = (
				901B638A190A7619006482CB /* EMPushData.h */,
				901B638B190A7619006482CB /* EMPushServiceDefs.h */,
			);
			path = types;
			sourceTree = "<group>";
		};
		901B638C190A7619006482CB /* UserService */ = {
			isa = PBXGroup;
			children = (
				901B638D190A7619006482CB /* delegates */,
				901B6394190A7619006482CB /* internal */,
				901B639A190A7619006482CB /* IUserManager.h */,
				901B639B190A7619006482CB /* types */,
			);
			path = UserService;
			sourceTree = "<group>";
		};
		901B638D190A7619006482CB /* delegates */ = {
			isa = PBXGroup;
			children = (
				901B638E190A7619006482CB /* internal */,
				901B6393190A7619006482CB /* IUserManagerDelegate.h */,
			);
			path = delegates;
			sourceTree = "<group>";
		};
		901B638E190A7619006482CB /* internal */ = {
			isa = PBXGroup;
			children = (
				901B638F190A7619006482CB /* EMBuddyServiceDelegate.h */,
				901B6390190A7619006482CB /* EMDepartmentServiceDelegate.h */,
				901B6391190A7619006482CB /* EMUserManagerDelegate.h */,
				901B6392190A7619006482CB /* EMUserServiceDelegate.h */,
			);
			path = internal;
			sourceTree = "<group>";
		};
		901B6394190A7619006482CB /* internal */ = {
			isa = PBXGroup;
			children = (
				901B6395190A7619006482CB /* IUserManagerBase.h */,
				901B6396190A7619006482CB /* IUserManagerBuddyGroup.h */,
				901B6397190A7619006482CB /* IUserManagerDepartment.h */,
				901B6398190A7619006482CB /* IUserManagerLogin.h */,
				901B6399190A7619006482CB /* IUserManagerUser.h */,
			);
			path = internal;
			sourceTree = "<group>";
		};
		901B639B190A7619006482CB /* types */ = {
			isa = PBXGroup;
			children = (
				901B639C190A7619006482CB /* IBuddyGroup.h */,
				901B639D190A7619006482CB /* IBuddyListService.h */,
				901B639E190A7619006482CB /* IDepartment.h */,
				901B639F190A7619006482CB /* IDepartmentService.h */,
				901B63A0190A7619006482CB /* IUserBase.h */,
				901B63A1190A7619006482CB /* IUserService.h */,
				901B63A2190A7619006482CB /* IUserServiceFactory.h */,
				901B63A3190A7619006482CB /* UserServiceDefs.h */,
			);
			path = types;
			sourceTree = "<group>";
		};
		901B63A4190A7619006482CB /* EaseMobClientSDKLite */ = {
			isa = PBXGroup;
			children = (
				901B63A5190A7619006482CB /* EaseMob.h */,
				901B63A6190A7619006482CB /* EaseMobHeaders.h */,
			);
			path = EaseMobClientSDKLite;
			sourceTree = "<group>";
		};
		901B63A7190A7619006482CB /* Utility */ = {
			isa = PBXGroup;
			children = (
				901B63A8190A7619006482CB /* audio */,
				901B63AB190A7619006482CB /* commonDefs.h */,
				901B63AC190A7619006482CB /* DeviceManager */,
				901B63BB190A7619006482CB /* ErrorManager */,
				901B63BD190A7619006482CB /* WebService */,
			);
			path = Utility;
			sourceTree = "<group>";
		};
		901B63A8190A7619006482CB /* audio */ = {
			isa = PBXGroup;
			children = (
				901B63A9190A7619006482CB /* VoiceConvert */,
			);
			path = audio;
			sourceTree = "<group>";
		};
		901B63A9190A7619006482CB /* VoiceConvert */ = {
			isa = PBXGroup;
			children = (
				901B63AA190A7619006482CB /* VoiceConverter.h */,
			);
			path = VoiceConvert;
			sourceTree = "<group>";
		};
		901B63AC190A7619006482CB /* DeviceManager */ = {
			isa = PBXGroup;
			children = (
				901B63AD190A7619006482CB /* DeviceManager.h */,
				901B63AE190A7619006482CB /* DeviceManagerDefs.h */,
				901B63AF190A7619006482CB /* internal */,
			);
			path = DeviceManager;
			sourceTree = "<group>";
		};
		901B63AF190A7619006482CB /* internal */ = {
			isa = PBXGroup;
			children = (
				901B63B0190A7619006482CB /* DeviceManager+Audio.h */,
				901B63B1190A7619006482CB /* DeviceManager+Camera.h */,
				901B63B2190A7619006482CB /* DeviceManager+Device.h */,
				901B63B3190A7619006482CB /* DeviceManager+Location.h */,
				901B63B4190A7619006482CB /* DeviceManager+ProximitySensor.h */,
				901B63B5190A7619006482CB /* DeviceManagerAudioDelegate.h */,
				901B63B6190A7619006482CB /* DeviceManagerBase.h */,
				901B63B7190A7619006482CB /* DeviceManagerDelegate.h */,
				901B63B8190A7619006482CB /* DeviceManagerDelegateBase.h */,
				901B63B9190A7619006482CB /* DeviceManagerLocationDelegate.h */,
				901B63BA190A7619006482CB /* DeviceManagerProximitySensorDelegate.h */,
			);
			path = internal;
			sourceTree = "<group>";
		};
		901B63BB190A7619006482CB /* ErrorManager */ = {
			isa = PBXGroup;
			children = (
				901B63BC190A7619006482CB /* EMError.h */,
			);
			path = ErrorManager;
			sourceTree = "<group>";
		};
		901B63BD190A7619006482CB /* WebService */ = {
			isa = PBXGroup;
			children = (
				901B63BE190A7619006482CB /* HttpStatusCodeDefs.h */,
				901B63BF190A7619006482CB /* Reachability.h */,
			);
			path = WebService;
			sourceTree = "<group>";
		};
		901B63C0190A7619006482CB /* lib */ = {
			isa = PBXGroup;
			children = (
				901B63C1190A7619006482CB /* libEaseMobClientSDKLite.a */,
			);
			path = lib;
			sourceTree = "<group>";
		};
		901B63C2190A7619006482CB /* resources */ = {
			isa = PBXGroup;
			children = (
				901B63C3190A7619006482CB /* bundle */,
			);
			path = resources;
			sourceTree = "<group>";
		};
		901B63C3190A7619006482CB /* bundle */ = {
			isa = PBXGroup;
			children = (
				901B63C4190A7619006482CB /* EaseMob.bundle */,
			);
			path = bundle;
			sourceTree = "<group>";
		};
		901B63CA190A7D13006482CB /* 3rdparty */ = {
			isa = PBXGroup;
			children = (
				901B63CB190A7D13006482CB /* MBProgressHUD */,
				901B63D0190A7D13006482CB /* WCAlertView */,
			);
			path = 3rdparty;
			sourceTree = "<group>";
		};
		901B63CB190A7D13006482CB /* MBProgressHUD */ = {
			isa = PBXGroup;
			children = (
				901B63CC190A7D13006482CB /* MBProgressHUD+Add.h */,
				901B63CD190A7D13006482CB /* MBProgressHUD+Add.m */,
				901B63CE190A7D13006482CB /* MBProgressHUD.h */,
				901B63CF190A7D13006482CB /* MBProgressHUD.m */,
			);
			path = MBProgressHUD;
			sourceTree = "<group>";
		};
		901B63D0190A7D13006482CB /* WCAlertView */ = {
			isa = PBXGroup;
			children = (
				901B63D1190A7D13006482CB /* WCAlertView.h */,
				901B63D2190A7D13006482CB /* WCAlertView.m */,
			);
			path = WCAlertView;
			sourceTree = "<group>";
		};
		9048CEE719037BB4003A775C /* Resources */ = {
			isa = PBXGroup;
			children = (
				9048CEFD19038206003A775C /* account_defaultHead.png */,
				9048CEE819037BBD003A775C /* toolbar */,
			);
			path = Resources;
			sourceTree = "<group>";
		};
		9048CEE819037BBD003A775C /* toolbar */ = {
			isa = PBXGroup;
			children = (
				9048CEE919037BBD003A775C /* ToolViewEmotion@2x.png */,
				9048CEEA19037BBD003A775C /* ToolViewEmotionHL@2x.png */,
				9048CEEB19037BBD003A775C /* ToolViewInputText@2x.png */,
				9048CEEC19037BBD003A775C /* ToolViewInputTextHL@2x.png */,
				9048CEED19037BBD003A775C /* ToolViewInputVoice@2x.png */,
				9048CEEE19037BBD003A775C /* ToolViewInputVoiceHL@2x.png */,
				9048CEEF19037BBD003A775C /* ToolViewKeyboard@2x.png */,
				9048CEF019037BBD003A775C /* ToolViewKeyboardHL@2x.png */,
				9048CEF119037BBD003A775C /* TypeSelectorBtn_Black@2x.png */,
				9048CEF219037BBD003A775C /* TypeSelectorBtnHL_Black@2x.png */,
			);
			path = toolbar;
			sourceTree = "<group>";
		};
		90CDBF86190112F200206567 = {
			isa = PBXGroup;
			children = (
				90CDBF98190112F200206567 /* ChatDemo-UI */,
				90CDBFB1190112F200206567 /* ChatDemo-UITests */,
				90CDBF91190112F200206567 /* Frameworks */,
				90CDBF90190112F200206567 /* Products */,
			);
			sourceTree = "<group>";
		};
		90CDBF90190112F200206567 /* Products */ = {
			isa = PBXGroup;
			children = (
				90CDBF8F190112F200206567 /* ChatDemo-UI.app */,
				90CDBFAA190112F200206567 /* ChatDemo-UITests.xctest */,
			);
			name = Products;
			sourceTree = "<group>";
		};
		90CDBF91190112F200206567 /* Frameworks */ = {
			isa = PBXGroup;
			children = (
				90CDC1081901144900206567 /* MobileCoreServices.framework */,
				90CDC1061901144300206567 /* libresolv.dylib */,
				90CDC1041901143D00206567 /* libstdc++.dylib */,
				90CDC1021901143700206567 /* libiconv.dylib */,
				90CDC1001901142E00206567 /* AddressBook.framework */,
				90CDC0FE1901142000206567 /* CFNetwork.framework */,
				90CDC0FC1901141900206567 /* libz.dylib */,
				90CDC0FA1901141000206567 /* libxml2.dylib */,
				90CDBF92190112F200206567 /* Foundation.framework */,
				90CDBF94190112F200206567 /* CoreGraphics.framework */,
				90CDBF96190112F200206567 /* UIKit.framework */,
				90CDBFAB190112F200206567 /* XCTest.framework */,
			);
			name = Frameworks;
			sourceTree = "<group>";
		};
		90CDBF98190112F200206567 /* ChatDemo-UI */ = {
			isa = PBXGroup;
			children = (
				901B63CA190A7D13006482CB /* 3rdparty */,
				901B6347190A7619006482CB /* EaseMobSDK */,
				90CDC3BD190124A400206567 /* Category */,
				90CDC1121901169B00206567 /* Chat */,
				90CDC10B1901166800206567 /* Contact */,
				90CDBFA1190112F200206567 /* AppDelegate.h */,
				90CDBFA2190112F200206567 /* AppDelegate.m */,
				90CDBFA4190112F200206567 /* Images.xcassets */,
				90CDBF99190112F200206567 /* Supporting Files */,
				90CDC3C81901290D00206567 /* MainViewController.h */,
				90CDC3C91901290D00206567 /* MainViewController.m */,
			);
			path = "ChatDemo-UI";
			sourceTree = "<group>";
		};
		90CDBF99190112F200206567 /* Supporting Files */ = {
			isa = PBXGroup;
			children = (
				9048CEE719037BB4003A775C /* Resources */,
				90CDC3B919011AAB00206567 /* XDDefine.h */,
				90CDBF9A190112F200206567 /* ChatDemo-UI-Info.plist */,
				90CDBF9B190112F200206567 /* InfoPlist.strings */,
				90CDBF9E190112F200206567 /* main.m */,
				90CDBFA0190112F200206567 /* ChatDemo-UI-Prefix.pch */,
			);
			name = "Supporting Files";
			sourceTree = "<group>";
		};
		90CDBFB1190112F200206567 /* ChatDemo-UITests */ = {
			isa = PBXGroup;
			children = (
				90CDBFB7190112F200206567 /* ChatDemo_UITests.m */,
				90CDBFB2190112F200206567 /* Supporting Files */,
			);
			path = "ChatDemo-UITests";
			sourceTree = "<group>";
		};
		90CDBFB2190112F200206567 /* Supporting Files */ = {
			isa = PBXGroup;
			children = (
				90CDBFB3190112F200206567 /* ChatDemo-UITests-Info.plist */,
				90CDBFB4190112F200206567 /* InfoPlist.strings */,
			);
			name = "Supporting Files";
			sourceTree = "<group>";
		};
		90CDC10B1901166800206567 /* Contact */ = {
			isa = PBXGroup;
			children = (
				90CDC10C1901166800206567 /* Contact.h */,
				90CDC10D1901166800206567 /* Contact.m */,
				90CDC3BA19011E1B00206567 /* ContactsViewController.h */,
				90CDC3BB19011E1B00206567 /* ContactsViewController.m */,
				9048CEDA190373BF003A775C /* ContactManager.h */,
				9048CEDB190373BF003A775C /* ContactManager.m */,
			);
			path = Contact;
			sourceTree = "<group>";
		};
		90CDC1121901169B00206567 /* Chat */ = {
			isa = PBXGroup;
			children = (
				90CDC1131901169B00206567 /* ChatListView */,
				90CDC1201901169B00206567 /* ChatView */,
				90CDC1751901169B00206567 /* macros.h */,
			);
			path = Chat;
			sourceTree = "<group>";
		};
		90CDC1131901169B00206567 /* ChatListView */ = {
			isa = PBXGroup;
			children = (
				90CDC1141901169B00206567 /* SlimeRefresh */,
				90CDC11C1901169B00206567 /* XDChatListCell.h */,
				90CDC11D1901169B00206567 /* XDChatListCell.m */,
				90CDC11E1901169B00206567 /* ChatListViewController.h */,
				90CDC11F1901169B00206567 /* ChatListViewController.m */,
			);
			path = ChatListView;
			sourceTree = "<group>";
		};
		90CDC1141901169B00206567 /* SlimeRefresh */ = {
			isa = PBXGroup;
			children = (
				90CDC1151901169B00206567 /* sr_refresh.png */,
				90CDC1161901169B00206567 /* sr_refresh@2X.png */,
				90CDC1171901169B00206567 /* SRDefine.h */,
				90CDC1181901169B00206567 /* SRRefreshView.h */,
				90CDC1191901169B00206567 /* SRRefreshView.m */,
				90CDC11A1901169B00206567 /* SRSlimeView.h */,
				90CDC11B1901169B00206567 /* SRSlimeView.m */,
			);
			path = SlimeRefresh;
			sourceTree = "<group>";
		};
		90CDC1201901169B00206567 /* ChatView */ = {
			isa = PBXGroup;
			children = (
				90CDC3C11901259200206567 /* XDMenuItem.h */,
				90CDC3C21901259200206567 /* XDMenuItem.m */,
				90CDC1211901169B00206567 /* ChatCell */,
				90CDC14C1901169B00206567 /* ChatCellModel */,
				90CDC1591901169B00206567 /* ChatSendHelper.h */,
				90CDC15A1901169B00206567 /* ChatSendHelper.m */,
				90CDC15B1901169B00206567 /* ChatToolBar */,
				90CDC1701901169B00206567 /* ChatViewController.h */,
				90CDC1711901169B00206567 /* ChatViewController.m */,
				90CDC3C61901275F00206567 /* ChatViewController.xib */,
			);
			path = ChatView;
			sourceTree = "<group>";
		};
		90CDC1211901169B00206567 /* ChatCell */ = {
			isa = PBXGroup;
			children = (
				90CDC1221901169B00206567 /* BaseCell.h */,
				90CDC1231901169B00206567 /* BaseCell.m */,
				90CDC1241901169B00206567 /* ChatCellBubble */,
				90CDC12F1901169B00206567 /* ChatCellManager.h */,
				90CDC1301901169B00206567 /* ChatCellManager.m */,
				90CDC1331901169B00206567 /* ChatLeftCell.h */,
				90CDC1341901169B00206567 /* ChatLeftCell.m */,
				90CDC1391901169B00206567 /* ChatLeftTextCell.h */,
				90CDC13A1901169B00206567 /* ChatLeftTextCell.m */,
				90CDC13D1901169B00206567 /* ChatRightCell.h */,
				90CDC13E1901169B00206567 /* ChatRightCell.m */,
				90CDC1431901169B00206567 /* ChatRightTextCell.h */,
				90CDC1441901169B00206567 /* ChatRightTextCell.m */,
				90CDC1451901169B00206567 /* img */,
				90CDC14A1901169B00206567 /* XDChatTimeCell.h */,
				90CDC14B1901169B00206567 /* XDChatTimeCell.m */,
			);
			path = ChatCell;
			sourceTree = "<group>";
		};
		90CDC1241901169B00206567 /* ChatCellBubble */ = {
			isa = PBXGroup;
			children = (
				90CDC1271901169B00206567 /* ChatBaseBubbleView.h */,
				90CDC1281901169B00206567 /* ChatBaseBubbleView.m */,
				90CDC12D1901169B00206567 /* ChatTextBubbleView.h */,
				90CDC12E1901169B00206567 /* ChatTextBubbleView.m */,
			);
			path = ChatCellBubble;
			sourceTree = "<group>";
		};
		90CDC1451901169B00206567 /* img */ = {
			isa = PBXGroup;
			children = (
				90CDC1461901169B00206567 /* chat_receiver_bg.png */,
				90CDC1471901169B00206567 /* chat_receiver_bg@2x.png */,
				90CDC1481901169B00206567 /* chat_sender_bg.png */,
				90CDC1491901169B00206567 /* chat_sender_bg@2x.png */,
			);
			path = img;
			sourceTree = "<group>";
		};
		90CDC14C1901169B00206567 /* ChatCellModel */ = {
			isa = PBXGroup;
			children = (
				90CDC14F1901169B00206567 /* ChatCellModel.h */,
				90CDC1501901169B00206567 /* ChatCellModel.m */,
				90CDC1511901169B00206567 /* ChatCellModelManager.h */,
				90CDC1521901169B00206567 /* ChatCellModelManager.m */,
				90CDC1571901169B00206567 /* ChatTextModel.h */,
				90CDC1581901169B00206567 /* ChatTextModel.m */,
			);
			path = ChatCellModel;
			sourceTree = "<group>";
		};
		90CDC15B1901169B00206567 /* ChatToolBar */ = {
			isa = PBXGroup;
			children = (
				90CDC15C1901169B00206567 /* ChatToolBar.h */,
				90CDC15D1901169B00206567 /* ChatToolBar.m */,
				90CDC15E1901169B00206567 /* ChatToolBar.xib */,
				90CDC15F1901169B00206567 /* FacialView.h */,
				90CDC1601901169B00206567 /* FacialView.m */,
				90CDC1611901169B00206567 /* HPGrowingTextView.h */,
				90CDC1621901169B00206567 /* HPGrowingTextView.m */,
				90CDC1631901169B00206567 /* HPTextViewInternal.h */,
				90CDC1641901169B00206567 /* HPTextViewInternal.m */,
				90CDC1651901169B00206567 /* FaceView.h */,
				90CDC1661901169B00206567 /* FaceView.m */,
			);
			path = ChatToolBar;
			sourceTree = "<group>";
		};
		90CDC3BD190124A400206567 /* Category */ = {
			isa = PBXGroup;
			children = (
				901B63C7190A780B006482CB /* NSDateFormatter+Category.h */,
				901B63C8190A780B006482CB /* NSDateFormatter+Category.m */,
				9048CEE4190377D5003A775C /* UIViewController+HUD.h */,
				9048CEE5190377D5003A775C /* UIViewController+HUD.m */,
				90CDC3BE190124A400206567 /* NSDate+Category.h */,
				90CDC3BF190124A400206567 /* NSDate+Category.m */,
			);
			path = Category;
			sourceTree = "<group>";
		};
/* End PBXGroup section */

/* Begin PBXNativeTarget section */
		90CDBF8E190112F200206567 /* ChatDemo-UI */ = {
			isa = PBXNativeTarget;
			buildConfigurationList = 90CDBFBB190112F200206567 /* Build configuration list for PBXNativeTarget "ChatDemo-UI" */;
			buildPhases = (
				90CDBF8B190112F200206567 /* Sources */,
				90CDBF8C190112F200206567 /* Frameworks */,
				90CDBF8D190112F200206567 /* Resources */,
			);
			buildRules = (
			);
			dependencies = (
			);
			name = "ChatDemo-UI";
			productName = "ChatDemo-UI";
			productReference = 90CDBF8F190112F200206567 /* ChatDemo-UI.app */;
			productType = "com.apple.product-type.application";
		};
		90CDBFA9190112F200206567 /* ChatDemo-UITests */ = {
			isa = PBXNativeTarget;
			buildConfigurationList = 90CDBFBE190112F200206567 /* Build configuration list for PBXNativeTarget "ChatDemo-UITests" */;
			buildPhases = (
				90CDBFA6190112F200206567 /* Sources */,
				90CDBFA7190112F200206567 /* Frameworks */,
				90CDBFA8190112F200206567 /* Resources */,
			);
			buildRules = (
			);
			dependencies = (
				90CDBFB0190112F200206567 /* PBXTargetDependency */,
			);
			name = "ChatDemo-UITests";
			productName = "ChatDemo-UITests";
			productReference = 90CDBFAA190112F200206567 /* ChatDemo-UITests.xctest */;
			productType = "com.apple.product-type.bundle.unit-test";
		};
/* End PBXNativeTarget section */

/* Begin PBXProject section */
		90CDBF87190112F200206567 /* Project object */ = {
			isa = PBXProject;
			attributes = {
				LastUpgradeCheck = 0510;
				ORGANIZATIONNAME = djp;
				TargetAttributes = {
					90CDBFA9190112F200206567 = {
						TestTargetID = 90CDBF8E190112F200206567;
					};
				};
			};
			buildConfigurationList = 90CDBF8A190112F200206567 /* Build configuration list for PBXProject "ChatDemo-UI" */;
			compatibilityVersion = "Xcode 3.2";
			developmentRegion = English;
			hasScannedForEncodings = 0;
			knownRegions = (
				en,
			);
			mainGroup = 90CDBF86190112F200206567;
			productRefGroup = 90CDBF90190112F200206567 /* Products */;
			projectDirPath = "";
			projectRoot = "";
			targets = (
				90CDBF8E190112F200206567 /* ChatDemo-UI */,
				90CDBFA9190112F200206567 /* ChatDemo-UITests */,
			);
		};
/* End PBXProject section */

/* Begin PBXResourcesBuildPhase section */
		90CDBF8D190112F200206567 /* Resources */ = {
			isa = PBXResourcesBuildPhase;
			buildActionMask = 2147483647;
			files = (
				9048CEF919037BBD003A775C /* ToolViewKeyboard@2x.png in Resources */,
				9048CEF519037BBD003A775C /* ToolViewInputText@2x.png in Resources */,
				90CDC1901901169B00206567 /* chat_sender_bg@2x.png in Resources */,
				90CDC18D1901169B00206567 /* chat_receiver_bg.png in Resources */,
				9048CEF319037BBD003A775C /* ToolViewEmotion@2x.png in Resources */,
				90CDC3C71901275F00206567 /* ChatViewController.xib in Resources */,
				90CDC1771901169B00206567 /* sr_refresh@2X.png in Resources */,
				90CDC1761901169B00206567 /* sr_refresh.png in Resources */,
				9048CEF419037BBD003A775C /* ToolViewEmotionHL@2x.png in Resources */,
				9048CEF719037BBD003A775C /* ToolViewInputVoice@2x.png in Resources */,
				9048CEF619037BBD003A775C /* ToolViewInputTextHL@2x.png in Resources */,
				9048CEFB19037BBD003A775C /* TypeSelectorBtn_Black@2x.png in Resources */,
				9048CEFA19037BBD003A775C /* ToolViewKeyboardHL@2x.png in Resources */,
				90CDBF9D190112F200206567 /* InfoPlist.strings in Resources */,
				9048CEFC19037BBD003A775C /* TypeSelectorBtnHL_Black@2x.png in Resources */,
				90CDC19A1901169B00206567 /* ChatToolBar.xib in Resources */,
				90CDC18E1901169B00206567 /* chat_receiver_bg@2x.png in Resources */,
				9048CEFE19038206003A775C /* account_defaultHead.png in Resources */,
				90CDC18F1901169B00206567 /* chat_sender_bg.png in Resources */,
				90CDBFA5190112F200206567 /* Images.xcassets in Resources */,
				901B63C6190A7619006482CB /* EaseMob.bundle in Resources */,
				9048CEF819037BBD003A775C /* ToolViewInputVoiceHL@2x.png in Resources */,
			);
			runOnlyForDeploymentPostprocessing = 0;
		};
		90CDBFA8190112F200206567 /* Resources */ = {
			isa = PBXResourcesBuildPhase;
			buildActionMask = 2147483647;
			files = (
				90CDBFB6190112F200206567 /* InfoPlist.strings in Resources */,
			);
			runOnlyForDeploymentPostprocessing = 0;
		};
/* End PBXResourcesBuildPhase section */

/* Begin PBXSourcesBuildPhase section */
		90CDBF8B190112F200206567 /* Sources */ = {
			isa = PBXSourcesBuildPhase;
			buildActionMask = 2147483647;
			files = (
				9048CEE6190377D5003A775C /* UIViewController+HUD.m in Sources */,
				90CDC1971901169B00206567 /* ChatTextModel.m in Sources */,
				90CDBFA3190112F200206567 /* AppDelegate.m in Sources */,
				90CDC17A1901169B00206567 /* XDChatListCell.m in Sources */,
				90CDC1791901169B00206567 /* SRSlimeView.m in Sources */,
				9048CEDC190373BF003A775C /* ContactManager.m in Sources */,
				90CDC19E1901169B00206567 /* FaceView.m in Sources */,
				90CDC1991901169B00206567 /* ChatToolBar.m in Sources */,
				901B63D5190A7D13006482CB /* WCAlertView.m in Sources */,
				90CDC17E1901169B00206567 /* ChatBaseBubbleView.m in Sources */,
				90CDC1981901169B00206567 /* ChatSendHelper.m in Sources */,
				90CDC1811901169B00206567 /* ChatTextBubbleView.m in Sources */,
				90CDC1841901169B00206567 /* ChatLeftCell.m in Sources */,
				90CDC17B1901169B00206567 /* ChatListViewController.m in Sources */,
				90CDC18C1901169B00206567 /* ChatRightTextCell.m in Sources */,
				90CDC19D1901169B00206567 /* HPTextViewInternal.m in Sources */,
				901B63C9190A780B006482CB /* NSDateFormatter+Category.m in Sources */,
				90CDC3CA1901290D00206567 /* MainViewController.m in Sources */,
				90CDC19C1901169B00206567 /* HPGrowingTextView.m in Sources */,
				90CDC1821901169B00206567 /* ChatCellManager.m in Sources */,
				90CDC1941901169B00206567 /* ChatCellModelManager.m in Sources */,
				901B63D4190A7D13006482CB /* MBProgressHUD.m in Sources */,
				90CDC3C0190124A400206567 /* NSDate+Category.m in Sources */,
				90CDC17C1901169B00206567 /* BaseCell.m in Sources */,
				90CDC1891901169B00206567 /* ChatRightCell.m in Sources */,
				90CDC1101901166800206567 /* Contact.m in Sources */,
				90CDC1911901169B00206567 /* XDChatTimeCell.m in Sources */,
				90CDC3BC19011E1B00206567 /* ContactsViewController.m in Sources */,
				90CDC3C31901259200206567 /* XDMenuItem.m in Sources */,
				90CDC1781901169B00206567 /* SRRefreshView.m in Sources */,
				90CDBF9F190112F200206567 /* main.m in Sources */,
				901B63D3190A7D13006482CB /* MBProgressHUD+Add.m in Sources */,
				90CDC19B1901169B00206567 /* FacialView.m in Sources */,
				90CDC1931901169B00206567 /* ChatCellModel.m in Sources */,
				90CDC1871901169B00206567 /* ChatLeftTextCell.m in Sources */,
				90CDC1A31901169B00206567 /* ChatViewController.m in Sources */,
			);
			runOnlyForDeploymentPostprocessing = 0;
		};
		90CDBFA6190112F200206567 /* Sources */ = {
			isa = PBXSourcesBuildPhase;
			buildActionMask = 2147483647;
			files = (
				90CDBFB8190112F200206567 /* ChatDemo_UITests.m in Sources */,
			);
			runOnlyForDeploymentPostprocessing = 0;
		};
/* End PBXSourcesBuildPhase section */

/* Begin PBXTargetDependency section */
		90CDBFB0190112F200206567 /* PBXTargetDependency */ = {
			isa = PBXTargetDependency;
			target = 90CDBF8E190112F200206567 /* ChatDemo-UI */;
			targetProxy = 90CDBFAF190112F200206567 /* PBXContainerItemProxy */;
		};
/* End PBXTargetDependency section */

/* Begin PBXVariantGroup section */
		90CDBF9B190112F200206567 /* InfoPlist.strings */ = {
			isa = PBXVariantGroup;
			children = (
				90CDBF9C190112F200206567 /* en */,
			);
			name = InfoPlist.strings;
			sourceTree = "<group>";
		};
		90CDBFB4190112F200206567 /* InfoPlist.strings */ = {
			isa = PBXVariantGroup;
			children = (
				90CDBFB5190112F200206567 /* en */,
			);
			name = InfoPlist.strings;
			sourceTree = "<group>";
		};
/* End PBXVariantGroup section */

/* Begin XCBuildConfiguration section */
		90CDBFB9190112F200206567 /* Debug */ = {
			isa = XCBuildConfiguration;
			buildSettings = {
				ALWAYS_SEARCH_USER_PATHS = NO;
				CLANG_CXX_LANGUAGE_STANDARD = "gnu++0x";
				CLANG_CXX_LIBRARY = "libc++";
				CLANG_ENABLE_MODULES = YES;
				CLANG_ENABLE_OBJC_ARC = YES;
				CLANG_WARN_BOOL_CONVERSION = YES;
				CLANG_WARN_CONSTANT_CONVERSION = YES;
				CLANG_WARN_DIRECT_OBJC_ISA_USAGE = YES_ERROR;
				CLANG_WARN_EMPTY_BODY = YES;
				CLANG_WARN_ENUM_CONVERSION = YES;
				CLANG_WARN_INT_CONVERSION = YES;
				CLANG_WARN_OBJC_ROOT_CLASS = YES_ERROR;
				CLANG_WARN__DUPLICATE_METHOD_MATCH = YES;
				"CODE_SIGN_IDENTITY[sdk=iphoneos*]" = "iPhone Developer";
				COPY_PHASE_STRIP = NO;
				GCC_C_LANGUAGE_STANDARD = gnu99;
				GCC_DYNAMIC_NO_PIC = NO;
				GCC_OPTIMIZATION_LEVEL = 0;
				GCC_PREPROCESSOR_DEFINITIONS = (
					"DEBUG=1",
					"$(inherited)",
				);
				GCC_SYMBOLS_PRIVATE_EXTERN = NO;
				GCC_WARN_64_TO_32_BIT_CONVERSION = YES;
				GCC_WARN_ABOUT_RETURN_TYPE = YES_ERROR;
				GCC_WARN_UNDECLARED_SELECTOR = YES;
				GCC_WARN_UNINITIALIZED_AUTOS = YES_AGGRESSIVE;
				GCC_WARN_UNUSED_FUNCTION = YES;
				GCC_WARN_UNUSED_VARIABLE = YES;
				IPHONEOS_DEPLOYMENT_TARGET = 6.0;
				ONLY_ACTIVE_ARCH = YES;
				SDKROOT = iphoneos;
			};
			name = Debug;
		};
		90CDBFBA190112F200206567 /* Release */ = {
			isa = XCBuildConfiguration;
			buildSettings = {
				ALWAYS_SEARCH_USER_PATHS = NO;
				CLANG_CXX_LANGUAGE_STANDARD = "gnu++0x";
				CLANG_CXX_LIBRARY = "libc++";
				CLANG_ENABLE_MODULES = YES;
				CLANG_ENABLE_OBJC_ARC = YES;
				CLANG_WARN_BOOL_CONVERSION = YES;
				CLANG_WARN_CONSTANT_CONVERSION = YES;
				CLANG_WARN_DIRECT_OBJC_ISA_USAGE = YES_ERROR;
				CLANG_WARN_EMPTY_BODY = YES;
				CLANG_WARN_ENUM_CONVERSION = YES;
				CLANG_WARN_INT_CONVERSION = YES;
				CLANG_WARN_OBJC_ROOT_CLASS = YES_ERROR;
				CLANG_WARN__DUPLICATE_METHOD_MATCH = YES;
				"CODE_SIGN_IDENTITY[sdk=iphoneos*]" = "iPhone Developer";
				COPY_PHASE_STRIP = YES;
				ENABLE_NS_ASSERTIONS = NO;
				GCC_C_LANGUAGE_STANDARD = gnu99;
				GCC_WARN_64_TO_32_BIT_CONVERSION = YES;
				GCC_WARN_ABOUT_RETURN_TYPE = YES_ERROR;
				GCC_WARN_UNDECLARED_SELECTOR = YES;
				GCC_WARN_UNINITIALIZED_AUTOS = YES_AGGRESSIVE;
				GCC_WARN_UNUSED_FUNCTION = YES;
				GCC_WARN_UNUSED_VARIABLE = YES;
				IPHONEOS_DEPLOYMENT_TARGET = 6.0;
				SDKROOT = iphoneos;
				VALIDATE_PRODUCT = YES;
			};
			name = Release;
		};
		90CDBFBC190112F200206567 /* Debug */ = {
			isa = XCBuildConfiguration;
			buildSettings = {
				ASSETCATALOG_COMPILER_APPICON_NAME = AppIcon;
				ASSETCATALOG_COMPILER_LAUNCHIMAGE_NAME = LaunchImage;
				CODE_SIGN_IDENTITY = "iPhone Developer: Ji Fang (4BQ5R7ZSAG)";
				GCC_PRECOMPILE_PREFIX_HEADER = YES;
				GCC_PREFIX_HEADER = "ChatDemo-UI/ChatDemo-UI-Prefix.pch";
				INFOPLIST_FILE = "ChatDemo-UI/ChatDemo-UI-Info.plist";
				IPHONEOS_DEPLOYMENT_TARGET = 6.0;
				LIBRARY_SEARCH_PATHS = (
					"$(inherited)",
					"$(PROJECT_DIR)/ChatDemo-UI/EaseMobSDK/lib",
				);
				ONLY_ACTIVE_ARCH = NO;
				OTHER_LDFLAGS = "-ObjC";
				PRODUCT_NAME = "$(TARGET_NAME)";
				VALID_ARCHS = "armv7 armv7s";
				WRAPPER_EXTENSION = app;
			};
			name = Debug;
		};
		90CDBFBD190112F200206567 /* Release */ = {
			isa = XCBuildConfiguration;
			buildSettings = {
				ASSETCATALOG_COMPILER_APPICON_NAME = AppIcon;
				ASSETCATALOG_COMPILER_LAUNCHIMAGE_NAME = LaunchImage;
				CODE_SIGN_IDENTITY = "iPhone Developer: Ji Fang (4BQ5R7ZSAG)";
				GCC_PRECOMPILE_PREFIX_HEADER = YES;
				GCC_PREFIX_HEADER = "ChatDemo-UI/ChatDemo-UI-Prefix.pch";
				INFOPLIST_FILE = "ChatDemo-UI/ChatDemo-UI-Info.plist";
				IPHONEOS_DEPLOYMENT_TARGET = 6.0;
				LIBRARY_SEARCH_PATHS = (
					"$(inherited)",
					"$(PROJECT_DIR)/ChatDemo-UI/EaseMobSDK/lib",
				);
				OTHER_LDFLAGS = "-ObjC";
				PRODUCT_NAME = "$(TARGET_NAME)";
				VALID_ARCHS = "armv7 armv7s";
				WRAPPER_EXTENSION = app;
			};
			name = Release;
		};
		90CDBFBF190112F200206567 /* Debug */ = {
			isa = XCBuildConfiguration;
			buildSettings = {
				BUNDLE_LOADER = "$(BUILT_PRODUCTS_DIR)/ChatDemo-UI.app/ChatDemo-UI";
				FRAMEWORK_SEARCH_PATHS = (
					"$(SDKROOT)/Developer/Library/Frameworks",
					"$(inherited)",
					"$(DEVELOPER_FRAMEWORKS_DIR)",
				);
				GCC_PRECOMPILE_PREFIX_HEADER = YES;
				GCC_PREFIX_HEADER = "ChatDemo-UI/ChatDemo-UI-Prefix.pch";
				GCC_PREPROCESSOR_DEFINITIONS = (
					"DEBUG=1",
					"$(inherited)",
				);
				INFOPLIST_FILE = "ChatDemo-UITests/ChatDemo-UITests-Info.plist";
				PRODUCT_NAME = "$(TARGET_NAME)";
				TEST_HOST = "$(BUNDLE_LOADER)";
				WRAPPER_EXTENSION = xctest;
			};
			name = Debug;
		};
		90CDBFC0190112F200206567 /* Release */ = {
			isa = XCBuildConfiguration;
			buildSettings = {
				BUNDLE_LOADER = "$(BUILT_PRODUCTS_DIR)/ChatDemo-UI.app/ChatDemo-UI";
				FRAMEWORK_SEARCH_PATHS = (
					"$(SDKROOT)/Developer/Library/Frameworks",
					"$(inherited)",
					"$(DEVELOPER_FRAMEWORKS_DIR)",
				);
				GCC_PRECOMPILE_PREFIX_HEADER = YES;
				GCC_PREFIX_HEADER = "ChatDemo-UI/ChatDemo-UI-Prefix.pch";
				INFOPLIST_FILE = "ChatDemo-UITests/ChatDemo-UITests-Info.plist";
				PRODUCT_NAME = "$(TARGET_NAME)";
				TEST_HOST = "$(BUNDLE_LOADER)";
				WRAPPER_EXTENSION = xctest;
			};
			name = Release;
		};
/* End XCBuildConfiguration section */

/* Begin XCConfigurationList section */
		90CDBF8A190112F200206567 /* Build configuration list for PBXProject "ChatDemo-UI" */ = {
			isa = XCConfigurationList;
			buildConfigurations = (
				90CDBFB9190112F200206567 /* Debug */,
				90CDBFBA190112F200206567 /* Release */,
			);
			defaultConfigurationIsVisible = 0;
			defaultConfigurationName = Release;
		};
		90CDBFBB190112F200206567 /* Build configuration list for PBXNativeTarget "ChatDemo-UI" */ = {
			isa = XCConfigurationList;
			buildConfigurations = (
				90CDBFBC190112F200206567 /* Debug */,
				90CDBFBD190112F200206567 /* Release */,
			);
			defaultConfigurationIsVisible = 0;
			defaultConfigurationName = Release;
		};
		90CDBFBE190112F200206567 /* Build configuration list for PBXNativeTarget "ChatDemo-UITests" */ = {
			isa = XCConfigurationList;
			buildConfigurations = (
				90CDBFBF190112F200206567 /* Debug */,
				90CDBFC0190112F200206567 /* Release */,
			);
			defaultConfigurationIsVisible = 0;
			defaultConfigurationName = Release;
		};
/* End XCConfigurationList section */
	};
	rootObject = 90CDBF87190112F200206567 /* Project object */;
}
